// !$*UTF8*$!
{
	archiveVersion = 1;
	classes = {
	};
	objectVersion = 46;
	objects = {

/* Begin PBXBuildFile section */
		1A2331C41A78DFAF002F8D80 /* LoadingTableViewCell.swift in Sources */ = {isa = PBXBuildFile; fileRef = 1A2331C31A78DFAF002F8D80 /* LoadingTableViewCell.swift */; };
		1A2331D21A78E1AF002F8D80 /* StoriesLoader.swift in Sources */ = {isa = PBXBuildFile; fileRef = 1A2331D11A78E1AF002F8D80 /* StoriesLoader.swift */; };
		1A2849971AB9D3F900940CE3 /* LoginService.swift in Sources */ = {isa = PBXBuildFile; fileRef = 1A2849961AB9D3F900940CE3 /* LoginService.swift */; };
		1A6D23BD1AB6AD2E000F080A /* HockeySDK.framework in Frameworks */ = {isa = PBXBuildFile; fileRef = 1A6D23B91AB6AD2E000F080A /* HockeySDK.framework */; };
		1A6D23BF1AB6AD2E000F080A /* HockeySDKResources.bundle in Resources */ = {isa = PBXBuildFile; fileRef = 1A6D23BC1AB6AD2E000F080A /* HockeySDKResources.bundle */; };
		1A6D23CD1AB6AD69000F080A /* AssetsLibrary.framework in Frameworks */ = {isa = PBXBuildFile; fileRef = 1A6D23CC1AB6AD69000F080A /* AssetsLibrary.framework */; };
		1A6D23CF1AB6AD73000F080A /* CoreGraphics.framework in Frameworks */ = {isa = PBXBuildFile; fileRef = 1A6D23CE1AB6AD73000F080A /* CoreGraphics.framework */; };
		1A6D23D11AB6AD78000F080A /* Foundation.framework in Frameworks */ = {isa = PBXBuildFile; fileRef = 1A6D23D01AB6AD78000F080A /* Foundation.framework */; };
		1A6D23D31AB6AD83000F080A /* QuickLook.framework in Frameworks */ = {isa = PBXBuildFile; fileRef = 1A6D23D21AB6AD83000F080A /* QuickLook.framework */; };
		1A6D23D51AB6AD89000F080A /* Security.framework in Frameworks */ = {isa = PBXBuildFile; fileRef = 1A6D23D41AB6AD89000F080A /* Security.framework */; };
		1A6D23D71AB6AD93000F080A /* SystemConfiguration.framework in Frameworks */ = {isa = PBXBuildFile; fileRef = 1A6D23D61AB6AD93000F080A /* SystemConfiguration.framework */; };
		1A6D23D91AB6AD9C000F080A /* UIKit.framework in Frameworks */ = {isa = PBXBuildFile; fileRef = 1A6D23D81AB6AD9C000F080A /* UIKit.framework */; };
		1A7D78A01A70F8FE0061D6F6 /* DragDropBehavior.swift in Sources */ = {isa = PBXBuildFile; fileRef = 1A7D789F1A70F8FE0061D6F6 /* DragDropBehavior.swift */; };
		1A8D9C811A75E3000032DA0F /* ImageIO.framework in Frameworks */ = {isa = PBXBuildFile; fileRef = 1A8D9C801A75E3000032DA0F /* ImageIO.framework */; };
		1A8D9C841A75E30F0032DA0F /* QuartzCore.framework in Frameworks */ = {isa = PBXBuildFile; fileRef = 1A8D9C831A75E30F0032DA0F /* QuartzCore.framework */; };
		1A8D9C871A75E31B0032DA0F /* MobileCoreServices.framework in Frameworks */ = {isa = PBXBuildFile; fileRef = 1A8D9C861A75E31B0032DA0F /* MobileCoreServices.framework */; };
		1A8D9C8A1A75E33E0032DA0F /* CoreText.framework in Frameworks */ = {isa = PBXBuildFile; fileRef = 1A8D9C891A75E33E0032DA0F /* CoreText.framework */; };
		1A908E471A74A44600F30022 /* Replyable.swift in Sources */ = {isa = PBXBuildFile; fileRef = 1A908E461A74A44600F30022 /* Replyable.swift */; };
		1A908E671A753B6C00F30022 /* libxml2.dylib in Frameworks */ = {isa = PBXBuildFile; fileRef = 1A908E661A753B6C00F30022 /* libxml2.dylib */; };
		1A9183091A75EE1900606F35 /* CoreTextView.swift in Sources */ = {isa = PBXBuildFile; fileRef = 1A9183081A75EE1900606F35 /* CoreTextView.swift */; };
		1A935E2F1A837A670059BCBC /* TPKeyboardAvoidingCollectionView.m in Sources */ = {isa = PBXBuildFile; fileRef = 1A935E281A837A670059BCBC /* TPKeyboardAvoidingCollectionView.m */; };
		1A935E301A837A670059BCBC /* TPKeyboardAvoidingScrollView.m in Sources */ = {isa = PBXBuildFile; fileRef = 1A935E2A1A837A670059BCBC /* TPKeyboardAvoidingScrollView.m */; };
		1A935E311A837A670059BCBC /* TPKeyboardAvoidingTableView.m in Sources */ = {isa = PBXBuildFile; fileRef = 1A935E2C1A837A670059BCBC /* TPKeyboardAvoidingTableView.m */; };
		1A935E321A837A670059BCBC /* UIScrollView+TPKeyboardAvoidingAdditions.m in Sources */ = {isa = PBXBuildFile; fileRef = 1A935E2E1A837A670059BCBC /* UIScrollView+TPKeyboardAvoidingAdditions.m */; };
		1A935E391A837B980059BCBC /* refresh.wav in Resources */ = {isa = PBXBuildFile; fileRef = 1A935E371A837B980059BCBC /* refresh.wav */; };
		1A935E3A1A837B980059BCBC /* upvote.wav in Resources */ = {isa = PBXBuildFile; fileRef = 1A935E381A837B980059BCBC /* upvote.wav */; };
		1A935E3C1A837C640059BCBC /* SoundPlayer+DesignerNewsApp.swift in Sources */ = {isa = PBXBuildFile; fileRef = 1A935E3B1A837C640059BCBC /* SoundPlayer+DesignerNewsApp.swift */; };
		1AB33B591A7660E800E3AB55 /* libDTCoreText.a in Frameworks */ = {isa = PBXBuildFile; fileRef = 1AB33B501A7660B300E3AB55 /* libDTCoreText.a */; };
		1AB6351C1AB6D46900064D14 /* ContainerViewController.swift in Sources */ = {isa = PBXBuildFile; fileRef = 1AB6351B1AB6D46900064D14 /* ContainerViewController.swift */; };
		1AED4A711A7BBCCA004C689E /* Error.swift in Sources */ = {isa = PBXBuildFile; fileRef = 1AED4A701A7BBCCA004C689E /* Error.swift */; };
		961889B81A680D3800295A64 /* LearnViewController.swift in Sources */ = {isa = PBXBuildFile; fileRef = 961889B71A680D3800295A64 /* LearnViewController.swift */; };
		9631F5A81AC1A9A800418E0E /* IntroViewController.swift in Sources */ = {isa = PBXBuildFile; fileRef = 9631F5A71AC1A9A800418E0E /* IntroViewController.swift */; };
		964892151A62A84600214D53 /* ReplyViewController.swift in Sources */ = {isa = PBXBuildFile; fileRef = 964892141A62A84600214D53 /* ReplyViewController.swift */; };
		964892671A63F5D900214D53 /* MenuViewController.swift in Sources */ = {isa = PBXBuildFile; fileRef = 964892661A63F5D900214D53 /* MenuViewController.swift */; };
		966128551A4DA63100A54A23 /* AppDelegate.swift in Sources */ = {isa = PBXBuildFile; fileRef = 966128541A4DA63100A54A23 /* AppDelegate.swift */; };
		9661285A1A4DA63100A54A23 /* Main.storyboard in Resources */ = {isa = PBXBuildFile; fileRef = 966128581A4DA63100A54A23 /* Main.storyboard */; };
		9661285C1A4DA63100A54A23 /* Images.xcassets in Resources */ = {isa = PBXBuildFile; fileRef = 9661285B1A4DA63100A54A23 /* Images.xcassets */; };
		9661285F1A4DA63100A54A23 /* LaunchScreen.xib in Resources */ = {isa = PBXBuildFile; fileRef = 9661285D1A4DA63100A54A23 /* LaunchScreen.xib */; };
		9661286B1A4DA63100A54A23 /* DesignerNewsAppTests.swift in Sources */ = {isa = PBXBuildFile; fileRef = 9661286A1A4DA63100A54A23 /* DesignerNewsAppTests.swift */; };
		967CFD061A5C10700044B4E3 /* LoginViewController.swift in Sources */ = {isa = PBXBuildFile; fileRef = 967CFD051A5C10700044B4E3 /* LoginViewController.swift */; };
		96879AA01A6E786D00717E59 /* Spring.framework in Embed Frameworks */ = {isa = PBXBuildFile; fileRef = 1A4FDA711A6E44B70099D309 /* Spring.framework */; settings = {ATTRIBUTES = (CodeSignOnCopy, RemoveHeadersOnCopy, ); }; };
		9694F2051A5FF13900A6376A /* CommentsTableViewController.swift in Sources */ = {isa = PBXBuildFile; fileRef = 9694F2041A5FF13900A6376A /* CommentsTableViewController.swift */; };
		9694F20B1A6123D000A6376A /* WebViewController.swift in Sources */ = {isa = PBXBuildFile; fileRef = 9694F20A1A6123D000A6376A /* WebViewController.swift */; };
		96AEB7431A5E5C3F005989F4 /* Alamofire.framework in Embed Frameworks */ = {isa = PBXBuildFile; fileRef = 96A5800B1A5E4DF500FDE099 /* Alamofire.framework */; settings = {ATTRIBUTES = (CodeSignOnCopy, RemoveHeadersOnCopy, ); }; };
		96AF96151A5EAA41003926E2 /* StoriesTableViewController.swift in Sources */ = {isa = PBXBuildFile; fileRef = 96AF96141A5EAA41003926E2 /* StoriesTableViewController.swift */; };
		96AF96171A5EABC9003926E2 /* StoryTableViewCell.swift in Sources */ = {isa = PBXBuildFile; fileRef = 96AF96161A5EABC9003926E2 /* StoryTableViewCell.swift */; };
		B773D86F1A7BC101008E8A65 /* LocalStore.swift in Sources */ = {isa = PBXBuildFile; fileRef = B773D86E1A7BC101008E8A65 /* LocalStore.swift */; };
		B779F6B41AB7570700DDF3AA /* ChromeActivity.swift in Sources */ = {isa = PBXBuildFile; fileRef = B779F6B31AB7570700DDF3AA /* ChromeActivity.swift */; };
		B779F6C61AB7851100DDF3AA /* SafariActivity.swift in Sources */ = {isa = PBXBuildFile; fileRef = B779F6C51AB7851100DDF3AA /* SafariActivity.swift */; };
		B78F90381A6EF75800883A5B /* DesignerNewsService.swift in Sources */ = {isa = PBXBuildFile; fileRef = B78F90371A6EF75800883A5B /* DesignerNewsService.swift */; };
		B78F903E1A6EFAAA00883A5B /* JSONParser.swift in Sources */ = {isa = PBXBuildFile; fileRef = B78F903D1A6EFAAA00883A5B /* JSONParser.swift */; };
		B78F90411A6EFBAF00883A5B /* Story.swift in Sources */ = {isa = PBXBuildFile; fileRef = B78F90401A6EFBAF00883A5B /* Story.swift */; };
		B78F90431A6EFF2100883A5B /* Comment.swift in Sources */ = {isa = PBXBuildFile; fileRef = B78F90421A6EFF2100883A5B /* Comment.swift */; };
		B790E5311A82C6BC0007B392 /* MenuControl.swift in Sources */ = {isa = PBXBuildFile; fileRef = B790E5301A82C6BC0007B392 /* MenuControl.swift */; };
		B7E4D3371A719855001DC9B6 /* CommentTableViewCell.swift in Sources */ = {isa = PBXBuildFile; fileRef = B7E4D3361A719855001DC9B6 /* CommentTableViewCell.swift */; };
/* End PBXBuildFile section */

/* Begin PBXContainerItemProxy section */
		1A4FDA261A6E43FE0099D309 /* PBXContainerItemProxy */ = {
			isa = PBXContainerItemProxy;
			containerPortal = 1A4FDA211A6E43FE0099D309 /* SpringApp.xcodeproj */;
			proxyType = 2;
			remoteGlobalIDString = 9641173B1A5BE90A000E3A5A;
			remoteInfo = SpringApp;
		};
		1A4FDA281A6E43FE0099D309 /* PBXContainerItemProxy */ = {
			isa = PBXContainerItemProxy;
			containerPortal = 1A4FDA211A6E43FE0099D309 /* SpringApp.xcodeproj */;
			proxyType = 2;
			remoteGlobalIDString = 964117501A5BE90A000E3A5A;
			remoteInfo = SpringAppTests;
		};
		1A4FDA701A6E44B70099D309 /* PBXContainerItemProxy */ = {
			isa = PBXContainerItemProxy;
			containerPortal = 1A4FDA211A6E43FE0099D309 /* SpringApp.xcodeproj */;
			proxyType = 2;
			remoteGlobalIDString = 1A4FDA331A6E44780099D309;
			remoteInfo = Spring;
		};
		1A4FDA721A6E44B70099D309 /* PBXContainerItemProxy */ = {
			isa = PBXContainerItemProxy;
			containerPortal = 1A4FDA211A6E43FE0099D309 /* SpringApp.xcodeproj */;
			proxyType = 2;
			remoteGlobalIDString = 1A4FDA3D1A6E44780099D309;
			remoteInfo = SpringTests;
		};
		1A6D71921A6E5F43003968BA /* PBXContainerItemProxy */ = {
			isa = PBXContainerItemProxy;
			containerPortal = 1A4FDA211A6E43FE0099D309 /* SpringApp.xcodeproj */;
			proxyType = 1;
			remoteGlobalIDString = 1A4FDA321A6E44780099D309;
			remoteInfo = Spring;
		};
		1AB33B4B1A7660B300E3AB55 /* PBXContainerItemProxy */ = {
			isa = PBXContainerItemProxy;
			containerPortal = 1AB33B3F1A7660B300E3AB55 /* DTCoreText.xcodeproj */;
			proxyType = 2;
			remoteGlobalIDString = 1D6058910D05DD3D006BFB54;
			remoteInfo = DemoApp;
		};
		1AB33B4D1A7660B300E3AB55 /* PBXContainerItemProxy */ = {
			isa = PBXContainerItemProxy;
			containerPortal = 1AB33B3F1A7660B300E3AB55 /* DTCoreText.xcodeproj */;
			proxyType = 2;
			remoteGlobalIDString = A70F119B14863198009202BF;
			remoteInfo = "Static Framework";
		};
		1AB33B4F1A7660B300E3AB55 /* PBXContainerItemProxy */ = {
			isa = PBXContainerItemProxy;
			containerPortal = 1AB33B3F1A7660B300E3AB55 /* DTCoreText.xcodeproj */;
			proxyType = 2;
			remoteGlobalIDString = A70F11DE148632CD009202BF;
			remoteInfo = "Static Library";
		};
		1AB33B511A7660B300E3AB55 /* PBXContainerItemProxy */ = {
			isa = PBXContainerItemProxy;
			containerPortal = 1AB33B3F1A7660B300E3AB55 /* DTCoreText.xcodeproj */;
			proxyType = 2;
			remoteGlobalIDString = A788CA681486456100E1AFD9;
			remoteInfo = UnitTest;
		};
		1AB33B531A7660B300E3AB55 /* PBXContainerItemProxy */ = {
			isa = PBXContainerItemProxy;
			containerPortal = 1AB33B3F1A7660B300E3AB55 /* DTCoreText.xcodeproj */;
			proxyType = 2;
			remoteGlobalIDString = A78D9F781965B7DD00C80986;
			remoteInfo = MacUnitTest;
		};
		1AB33B551A7660B300E3AB55 /* PBXContainerItemProxy */ = {
			isa = PBXContainerItemProxy;
			containerPortal = 1AB33B3F1A7660B300E3AB55 /* DTCoreText.xcodeproj */;
			proxyType = 2;
			remoteGlobalIDString = A7F7EFCD1573603100F5A4D0;
			remoteInfo = "Static Library (no DTFoundation)";
		};
		1AB33B571A7660B300E3AB55 /* PBXContainerItemProxy */ = {
			isa = PBXContainerItemProxy;
			containerPortal = 1AB33B3F1A7660B300E3AB55 /* DTCoreText.xcodeproj */;
			proxyType = 2;
			remoteGlobalIDString = E2262DC61638331500BFDAD7;
			remoteInfo = "Mac Framework";
		};
		964892121A62818A00214D53 /* PBXContainerItemProxy */ = {
			isa = PBXContainerItemProxy;
			containerPortal = 96A580051A5E4DF400FDE099 /* Alamofire.xcodeproj */;
			proxyType = 1;
			remoteGlobalIDString = F8111E3219A95C8B0040E7D1;
			remoteInfo = Alamofire;
		};
		966128651A4DA63100A54A23 /* PBXContainerItemProxy */ = {
			isa = PBXContainerItemProxy;
			containerPortal = 966128471A4DA63100A54A23 /* Project object */;
			proxyType = 1;
			remoteGlobalIDString = 9661284E1A4DA63100A54A23;
			remoteInfo = DesignerNewsApp;
		};
		96A5800A1A5E4DF500FDE099 /* PBXContainerItemProxy */ = {
			isa = PBXContainerItemProxy;
			containerPortal = 96A580051A5E4DF400FDE099 /* Alamofire.xcodeproj */;
			proxyType = 2;
			remoteGlobalIDString = F8111E3319A95C8B0040E7D1;
			remoteInfo = Alamofire;
		};
		96A5800C1A5E4DF500FDE099 /* PBXContainerItemProxy */ = {
			isa = PBXContainerItemProxy;
			containerPortal = 96A580051A5E4DF400FDE099 /* Alamofire.xcodeproj */;
			proxyType = 2;
			remoteGlobalIDString = F8111E3E19A95C8B0040E7D1;
			remoteInfo = AlamofireTests;
		};
		B76E9F9E1ADE6771003547E9 /* PBXContainerItemProxy */ = {
			isa = PBXContainerItemProxy;
			containerPortal = 96A580051A5E4DF400FDE099 /* Alamofire.xcodeproj */;
			proxyType = 2;
			remoteGlobalIDString = 4DD67C0B1A5C55C900ED2280;
			remoteInfo = "Alamofire OSX";
		};
		B76E9FA01ADE6771003547E9 /* PBXContainerItemProxy */ = {
			isa = PBXContainerItemProxy;
			containerPortal = 96A580051A5E4DF400FDE099 /* Alamofire.xcodeproj */;
			proxyType = 2;
			remoteGlobalIDString = F829C6B21A7A94F100A2CD59;
			remoteInfo = "Alamofire OSX Tests";
		};
/* End PBXContainerItemProxy section */

/* Begin PBXCopyFilesBuildPhase section */
		96AEB7461A5E5C3F005989F4 /* Embed Frameworks */ = {
			isa = PBXCopyFilesBuildPhase;
			buildActionMask = 2147483647;
			dstPath = "";
			dstSubfolderSpec = 10;
			files = (
				96879AA01A6E786D00717E59 /* Spring.framework in Embed Frameworks */,
				96AEB7431A5E5C3F005989F4 /* Alamofire.framework in Embed Frameworks */,
			);
			name = "Embed Frameworks";
			runOnlyForDeploymentPostprocessing = 0;
		};
/* End PBXCopyFilesBuildPhase section */

/* Begin PBXFileReference section */
		1A2331C31A78DFAF002F8D80 /* LoadingTableViewCell.swift */ = {isa = PBXFileReference; fileEncoding = 4; lastKnownFileType = sourcecode.swift; path = LoadingTableViewCell.swift; sourceTree = "<group>"; };
		1A2331D11A78E1AF002F8D80 /* StoriesLoader.swift */ = {isa = PBXFileReference; fileEncoding = 4; lastKnownFileType = sourcecode.swift; path = StoriesLoader.swift; sourceTree = "<group>"; };
		1A2849961AB9D3F900940CE3 /* LoginService.swift */ = {isa = PBXFileReference; fileEncoding = 4; lastKnownFileType = sourcecode.swift; path = LoginService.swift; sourceTree = "<group>"; };
		1A4FDA211A6E43FE0099D309 /* SpringApp.xcodeproj */ = {isa = PBXFileReference; lastKnownFileType = "wrapper.pb-project"; name = SpringApp.xcodeproj; path = Spring/SpringApp.xcodeproj; sourceTree = "<group>"; };
		1A6D23B91AB6AD2E000F080A /* HockeySDK.framework */ = {isa = PBXFileReference; lastKnownFileType = wrapper.framework; path = HockeySDK.framework; sourceTree = "<group>"; };
		1A6D23BB1AB6AD2E000F080A /* HockeySDK.xcconfig */ = {isa = PBXFileReference; fileEncoding = 4; lastKnownFileType = text.xcconfig; path = HockeySDK.xcconfig; sourceTree = "<group>"; };
		1A6D23BC1AB6AD2E000F080A /* HockeySDKResources.bundle */ = {isa = PBXFileReference; lastKnownFileType = "wrapper.plug-in"; path = HockeySDKResources.bundle; sourceTree = "<group>"; };
		1A6D23CC1AB6AD69000F080A /* AssetsLibrary.framework */ = {isa = PBXFileReference; lastKnownFileType = wrapper.framework; name = AssetsLibrary.framework; path = System/Library/Frameworks/AssetsLibrary.framework; sourceTree = SDKROOT; };
		1A6D23CE1AB6AD73000F080A /* CoreGraphics.framework */ = {isa = PBXFileReference; lastKnownFileType = wrapper.framework; name = CoreGraphics.framework; path = System/Library/Frameworks/CoreGraphics.framework; sourceTree = SDKROOT; };
		1A6D23D01AB6AD78000F080A /* Foundation.framework */ = {isa = PBXFileReference; lastKnownFileType = wrapper.framework; name = Foundation.framework; path = System/Library/Frameworks/Foundation.framework; sourceTree = SDKROOT; };
		1A6D23D21AB6AD83000F080A /* QuickLook.framework */ = {isa = PBXFileReference; lastKnownFileType = wrapper.framework; name = QuickLook.framework; path = System/Library/Frameworks/QuickLook.framework; sourceTree = SDKROOT; };
		1A6D23D41AB6AD89000F080A /* Security.framework */ = {isa = PBXFileReference; lastKnownFileType = wrapper.framework; name = Security.framework; path = System/Library/Frameworks/Security.framework; sourceTree = SDKROOT; };
		1A6D23D61AB6AD93000F080A /* SystemConfiguration.framework */ = {isa = PBXFileReference; lastKnownFileType = wrapper.framework; name = SystemConfiguration.framework; path = System/Library/Frameworks/SystemConfiguration.framework; sourceTree = SDKROOT; };
		1A6D23D81AB6AD9C000F080A /* UIKit.framework */ = {isa = PBXFileReference; lastKnownFileType = wrapper.framework; name = UIKit.framework; path = System/Library/Frameworks/UIKit.framework; sourceTree = SDKROOT; };
		1A7D789F1A70F8FE0061D6F6 /* DragDropBehavior.swift */ = {isa = PBXFileReference; fileEncoding = 4; lastKnownFileType = sourcecode.swift; path = DragDropBehavior.swift; sourceTree = "<group>"; };
		1A8D9C801A75E3000032DA0F /* ImageIO.framework */ = {isa = PBXFileReference; lastKnownFileType = wrapper.framework; name = ImageIO.framework; path = System/Library/Frameworks/ImageIO.framework; sourceTree = SDKROOT; };
		1A8D9C831A75E30F0032DA0F /* QuartzCore.framework */ = {isa = PBXFileReference; lastKnownFileType = wrapper.framework; name = QuartzCore.framework; path = System/Library/Frameworks/QuartzCore.framework; sourceTree = SDKROOT; };
		1A8D9C861A75E31B0032DA0F /* MobileCoreServices.framework */ = {isa = PBXFileReference; lastKnownFileType = wrapper.framework; name = MobileCoreServices.framework; path = System/Library/Frameworks/MobileCoreServices.framework; sourceTree = SDKROOT; };
		1A8D9C891A75E33E0032DA0F /* CoreText.framework */ = {isa = PBXFileReference; lastKnownFileType = wrapper.framework; name = CoreText.framework; path = System/Library/Frameworks/CoreText.framework; sourceTree = SDKROOT; };
		1A908E461A74A44600F30022 /* Replyable.swift */ = {isa = PBXFileReference; fileEncoding = 4; lastKnownFileType = sourcecode.swift; path = Replyable.swift; sourceTree = "<group>"; };
		1A908E611A75382200F30022 /* DesignerNewsApp-Bridging-Header.h */ = {isa = PBXFileReference; lastKnownFileType = sourcecode.c.h; path = "DesignerNewsApp-Bridging-Header.h"; sourceTree = "<group>"; };
		1A908E661A753B6C00F30022 /* libxml2.dylib */ = {isa = PBXFileReference; lastKnownFileType = "compiled.mach-o.dylib"; name = libxml2.dylib; path = usr/lib/libxml2.dylib; sourceTree = SDKROOT; };
		1A9183081A75EE1900606F35 /* CoreTextView.swift */ = {isa = PBXFileReference; fileEncoding = 4; lastKnownFileType = sourcecode.swift; path = CoreTextView.swift; sourceTree = "<group>"; };
		1A935E271A837A670059BCBC /* TPKeyboardAvoidingCollectionView.h */ = {isa = PBXFileReference; fileEncoding = 4; lastKnownFileType = sourcecode.c.h; path = TPKeyboardAvoidingCollectionView.h; sourceTree = "<group>"; };
		1A935E281A837A670059BCBC /* TPKeyboardAvoidingCollectionView.m */ = {isa = PBXFileReference; fileEncoding = 4; lastKnownFileType = sourcecode.c.objc; path = TPKeyboardAvoidingCollectionView.m; sourceTree = "<group>"; };
		1A935E291A837A670059BCBC /* TPKeyboardAvoidingScrollView.h */ = {isa = PBXFileReference; fileEncoding = 4; lastKnownFileType = sourcecode.c.h; path = TPKeyboardAvoidingScrollView.h; sourceTree = "<group>"; };
		1A935E2A1A837A670059BCBC /* TPKeyboardAvoidingScrollView.m */ = {isa = PBXFileReference; fileEncoding = 4; lastKnownFileType = sourcecode.c.objc; path = TPKeyboardAvoidingScrollView.m; sourceTree = "<group>"; };
		1A935E2B1A837A670059BCBC /* TPKeyboardAvoidingTableView.h */ = {isa = PBXFileReference; fileEncoding = 4; lastKnownFileType = sourcecode.c.h; path = TPKeyboardAvoidingTableView.h; sourceTree = "<group>"; };
		1A935E2C1A837A670059BCBC /* TPKeyboardAvoidingTableView.m */ = {isa = PBXFileReference; fileEncoding = 4; lastKnownFileType = sourcecode.c.objc; path = TPKeyboardAvoidingTableView.m; sourceTree = "<group>"; };
		1A935E2D1A837A670059BCBC /* UIScrollView+TPKeyboardAvoidingAdditions.h */ = {isa = PBXFileReference; fileEncoding = 4; lastKnownFileType = sourcecode.c.h; path = "UIScrollView+TPKeyboardAvoidingAdditions.h"; sourceTree = "<group>"; };
		1A935E2E1A837A670059BCBC /* UIScrollView+TPKeyboardAvoidingAdditions.m */ = {isa = PBXFileReference; fileEncoding = 4; lastKnownFileType = sourcecode.c.objc; path = "UIScrollView+TPKeyboardAvoidingAdditions.m"; sourceTree = "<group>"; };
		1A935E371A837B980059BCBC /* refresh.wav */ = {isa = PBXFileReference; lastKnownFileType = audio.wav; path = refresh.wav; sourceTree = "<group>"; };
		1A935E381A837B980059BCBC /* upvote.wav */ = {isa = PBXFileReference; lastKnownFileType = audio.wav; path = upvote.wav; sourceTree = "<group>"; };
		1A935E3B1A837C640059BCBC /* SoundPlayer+DesignerNewsApp.swift */ = {isa = PBXFileReference; fileEncoding = 4; lastKnownFileType = sourcecode.swift; path = "SoundPlayer+DesignerNewsApp.swift"; sourceTree = "<group>"; };
		1AB33B3F1A7660B300E3AB55 /* DTCoreText.xcodeproj */ = {isa = PBXFileReference; lastKnownFileType = "wrapper.pb-project"; name = DTCoreText.xcodeproj; path = DTCoreText/DTCoreText.xcodeproj; sourceTree = "<group>"; };
		1AB6351B1AB6D46900064D14 /* ContainerViewController.swift */ = {isa = PBXFileReference; fileEncoding = 4; lastKnownFileType = sourcecode.swift; path = ContainerViewController.swift; sourceTree = "<group>"; };
		1AED4A701A7BBCCA004C689E /* Error.swift */ = {isa = PBXFileReference; fileEncoding = 4; lastKnownFileType = sourcecode.swift; path = Error.swift; sourceTree = "<group>"; };
		961889B71A680D3800295A64 /* LearnViewController.swift */ = {isa = PBXFileReference; fileEncoding = 4; lastKnownFileType = sourcecode.swift; path = LearnViewController.swift; sourceTree = "<group>"; };
		9631F5A71AC1A9A800418E0E /* IntroViewController.swift */ = {isa = PBXFileReference; fileEncoding = 4; lastKnownFileType = sourcecode.swift; path = IntroViewController.swift; sourceTree = "<group>"; };
		964892141A62A84600214D53 /* ReplyViewController.swift */ = {isa = PBXFileReference; fileEncoding = 4; lastKnownFileType = sourcecode.swift; path = ReplyViewController.swift; sourceTree = "<group>"; };
		964892661A63F5D900214D53 /* MenuViewController.swift */ = {isa = PBXFileReference; fileEncoding = 4; lastKnownFileType = sourcecode.swift; path = MenuViewController.swift; sourceTree = "<group>"; };
		9661284F1A4DA63100A54A23 /* DesignerNewsApp.app */ = {isa = PBXFileReference; explicitFileType = wrapper.application; includeInIndex = 0; path = DesignerNewsApp.app; sourceTree = BUILT_PRODUCTS_DIR; };
		966128531A4DA63100A54A23 /* Info.plist */ = {isa = PBXFileReference; lastKnownFileType = text.plist.xml; path = Info.plist; sourceTree = "<group>"; };
		966128541A4DA63100A54A23 /* AppDelegate.swift */ = {isa = PBXFileReference; lastKnownFileType = sourcecode.swift; path = AppDelegate.swift; sourceTree = "<group>"; };
		966128591A4DA63100A54A23 /* Base */ = {isa = PBXFileReference; lastKnownFileType = file.storyboard; name = Base; path = Base.lproj/Main.storyboard; sourceTree = "<group>"; };
		9661285B1A4DA63100A54A23 /* Images.xcassets */ = {isa = PBXFileReference; lastKnownFileType = folder.assetcatalog; path = Images.xcassets; sourceTree = "<group>"; };
		9661285E1A4DA63100A54A23 /* Base */ = {isa = PBXFileReference; lastKnownFileType = file.xib; name = Base; path = Base.lproj/LaunchScreen.xib; sourceTree = "<group>"; };
		966128641A4DA63100A54A23 /* DesignerNewsAppTests.xctest */ = {isa = PBXFileReference; explicitFileType = wrapper.cfbundle; includeInIndex = 0; path = DesignerNewsAppTests.xctest; sourceTree = BUILT_PRODUCTS_DIR; };
		966128691A4DA63100A54A23 /* Info.plist */ = {isa = PBXFileReference; lastKnownFileType = text.plist.xml; path = Info.plist; sourceTree = "<group>"; };
		9661286A1A4DA63100A54A23 /* DesignerNewsAppTests.swift */ = {isa = PBXFileReference; lastKnownFileType = sourcecode.swift; path = DesignerNewsAppTests.swift; sourceTree = "<group>"; };
		967CFD051A5C10700044B4E3 /* LoginViewController.swift */ = {isa = PBXFileReference; fileEncoding = 4; lastKnownFileType = sourcecode.swift; path = LoginViewController.swift; sourceTree = "<group>"; };
		9694F2041A5FF13900A6376A /* CommentsTableViewController.swift */ = {isa = PBXFileReference; fileEncoding = 4; lastKnownFileType = sourcecode.swift; path = CommentsTableViewController.swift; sourceTree = "<group>"; };
		9694F20A1A6123D000A6376A /* WebViewController.swift */ = {isa = PBXFileReference; fileEncoding = 4; lastKnownFileType = sourcecode.swift; path = WebViewController.swift; sourceTree = "<group>"; };
		96A580051A5E4DF400FDE099 /* Alamofire.xcodeproj */ = {isa = PBXFileReference; lastKnownFileType = "wrapper.pb-project"; name = Alamofire.xcodeproj; path = Alamofire/Alamofire.xcodeproj; sourceTree = "<group>"; };
		96AF96141A5EAA41003926E2 /* StoriesTableViewController.swift */ = {isa = PBXFileReference; fileEncoding = 4; lastKnownFileType = sourcecode.swift; path = StoriesTableViewController.swift; sourceTree = "<group>"; };
		96AF96161A5EABC9003926E2 /* StoryTableViewCell.swift */ = {isa = PBXFileReference; fileEncoding = 4; lastKnownFileType = sourcecode.swift; path = StoryTableViewCell.swift; sourceTree = "<group>"; };
		B773D86E1A7BC101008E8A65 /* LocalStore.swift */ = {isa = PBXFileReference; fileEncoding = 4; lastKnownFileType = sourcecode.swift; path = LocalStore.swift; sourceTree = "<group>"; };
		B779F6B31AB7570700DDF3AA /* ChromeActivity.swift */ = {isa = PBXFileReference; fileEncoding = 4; lastKnownFileType = sourcecode.swift; path = ChromeActivity.swift; sourceTree = "<group>"; };
		B779F6C51AB7851100DDF3AA /* SafariActivity.swift */ = {isa = PBXFileReference; fileEncoding = 4; lastKnownFileType = sourcecode.swift; path = SafariActivity.swift; sourceTree = "<group>"; };
		B78F90371A6EF75800883A5B /* DesignerNewsService.swift */ = {isa = PBXFileReference; fileEncoding = 4; lastKnownFileType = sourcecode.swift; path = DesignerNewsService.swift; sourceTree = "<group>"; };
		B78F903D1A6EFAAA00883A5B /* JSONParser.swift */ = {isa = PBXFileReference; fileEncoding = 4; lastKnownFileType = sourcecode.swift; path = JSONParser.swift; sourceTree = "<group>"; };
		B78F90401A6EFBAF00883A5B /* Story.swift */ = {isa = PBXFileReference; fileEncoding = 4; lastKnownFileType = sourcecode.swift; path = Story.swift; sourceTree = "<group>"; };
		B78F90421A6EFF2100883A5B /* Comment.swift */ = {isa = PBXFileReference; fileEncoding = 4; lastKnownFileType = sourcecode.swift; path = Comment.swift; sourceTree = "<group>"; };
		B790E5301A82C6BC0007B392 /* MenuControl.swift */ = {isa = PBXFileReference; fileEncoding = 4; lastKnownFileType = sourcecode.swift; path = MenuControl.swift; sourceTree = "<group>"; };
		B7E4D3361A719855001DC9B6 /* CommentTableViewCell.swift */ = {isa = PBXFileReference; fileEncoding = 4; lastKnownFileType = sourcecode.swift; path = CommentTableViewCell.swift; sourceTree = "<group>"; };
/* End PBXFileReference section */

/* Begin PBXFrameworksBuildPhase section */
		9661284C1A4DA63100A54A23 /* Frameworks */ = {
			isa = PBXFrameworksBuildPhase;
			buildActionMask = 2147483647;
			files = (
				1A6D23D91AB6AD9C000F080A /* UIKit.framework in Frameworks */,
				1A6D23D71AB6AD93000F080A /* SystemConfiguration.framework in Frameworks */,
				1A6D23D51AB6AD89000F080A /* Security.framework in Frameworks */,
				1A6D23D31AB6AD83000F080A /* QuickLook.framework in Frameworks */,
				1A6D23D11AB6AD78000F080A /* Foundation.framework in Frameworks */,
				1A6D23CF1AB6AD73000F080A /* CoreGraphics.framework in Frameworks */,
				1A6D23CD1AB6AD69000F080A /* AssetsLibrary.framework in Frameworks */,
				1AB33B591A7660E800E3AB55 /* libDTCoreText.a in Frameworks */,
				1A8D9C8A1A75E33E0032DA0F /* CoreText.framework in Frameworks */,
				1A8D9C871A75E31B0032DA0F /* MobileCoreServices.framework in Frameworks */,
				1A8D9C841A75E30F0032DA0F /* QuartzCore.framework in Frameworks */,
				1A8D9C811A75E3000032DA0F /* ImageIO.framework in Frameworks */,
				1A908E671A753B6C00F30022 /* libxml2.dylib in Frameworks */,
				1A6D23BD1AB6AD2E000F080A /* HockeySDK.framework in Frameworks */,
			);
			runOnlyForDeploymentPostprocessing = 0;
		};
		966128611A4DA63100A54A23 /* Frameworks */ = {
			isa = PBXFrameworksBuildPhase;
			buildActionMask = 2147483647;
			files = (
			);
			runOnlyForDeploymentPostprocessing = 0;
		};
/* End PBXFrameworksBuildPhase section */

/* Begin PBXGroup section */
		1A4FDA221A6E43FE0099D309 /* Products */ = {
			isa = PBXGroup;
			children = (
				1A4FDA271A6E43FE0099D309 /* SpringApp.app */,
				1A4FDA291A6E43FE0099D309 /* SpringAppTests.xctest */,
				1A4FDA711A6E44B70099D309 /* Spring.framework */,
				1A4FDA731A6E44B70099D309 /* SpringTests.xctest */,
			);
			name = Products;
			sourceTree = "<group>";
		};
		1A6D23B81AB6AD2E000F080A /* HockeySDK.embeddedframework */ = {
			isa = PBXGroup;
			children = (
				1A6D23B91AB6AD2E000F080A /* HockeySDK.framework */,
				1A6D23BA1AB6AD2E000F080A /* Resources */,
			);
			name = HockeySDK.embeddedframework;
			path = "HockeySDK-iOS/HockeySDK.embeddedframework";
			sourceTree = "<group>";
		};
		1A6D23BA1AB6AD2E000F080A /* Resources */ = {
			isa = PBXGroup;
			children = (
				1A6D23BB1AB6AD2E000F080A /* HockeySDK.xcconfig */,
				1A6D23BC1AB6AD2E000F080A /* HockeySDKResources.bundle */,
			);
			path = Resources;
			sourceTree = "<group>";
		};
		1A8D9C7F1A75E2A70032DA0F /* Externals */ = {
			isa = PBXGroup;
			children = (
				96A580051A5E4DF400FDE099 /* Alamofire.xcodeproj */,
				1A4FDA211A6E43FE0099D309 /* SpringApp.xcodeproj */,
				1AB33B3F1A7660B300E3AB55 /* DTCoreText.xcodeproj */,
			);
			path = Externals;
			sourceTree = "<group>";
		};
		1A8D9C881A75E31F0032DA0F /* Frameworks */ = {
			isa = PBXGroup;
			children = (
				1A6D23D81AB6AD9C000F080A /* UIKit.framework */,
				1A6D23D61AB6AD93000F080A /* SystemConfiguration.framework */,
				1A6D23D41AB6AD89000F080A /* Security.framework */,
				1A6D23D21AB6AD83000F080A /* QuickLook.framework */,
				1A6D23D01AB6AD78000F080A /* Foundation.framework */,
				1A6D23CE1AB6AD73000F080A /* CoreGraphics.framework */,
				1A6D23CC1AB6AD69000F080A /* AssetsLibrary.framework */,
				1A8D9C891A75E33E0032DA0F /* CoreText.framework */,
				1A8D9C861A75E31B0032DA0F /* MobileCoreServices.framework */,
				1A8D9C831A75E30F0032DA0F /* QuartzCore.framework */,
				1A8D9C801A75E3000032DA0F /* ImageIO.framework */,
				1A908E661A753B6C00F30022 /* libxml2.dylib */,
			);
			name = Frameworks;
			sourceTree = "<group>";
		};
		1A935E251A837A670059BCBC /* Libraries */ = {
			isa = PBXGroup;
			children = (
				1A6D23B81AB6AD2E000F080A /* HockeySDK.embeddedframework */,
				1A935E261A837A670059BCBC /* TPKeyboardAvoiding */,
			);
			path = Libraries;
			sourceTree = "<group>";
		};
		1A935E261A837A670059BCBC /* TPKeyboardAvoiding */ = {
			isa = PBXGroup;
			children = (
				1A935E271A837A670059BCBC /* TPKeyboardAvoidingCollectionView.h */,
				1A935E281A837A670059BCBC /* TPKeyboardAvoidingCollectionView.m */,
				1A935E291A837A670059BCBC /* TPKeyboardAvoidingScrollView.h */,
				1A935E2A1A837A670059BCBC /* TPKeyboardAvoidingScrollView.m */,
				1A935E2B1A837A670059BCBC /* TPKeyboardAvoidingTableView.h */,
				1A935E2C1A837A670059BCBC /* TPKeyboardAvoidingTableView.m */,
				1A935E2D1A837A670059BCBC /* UIScrollView+TPKeyboardAvoidingAdditions.h */,
				1A935E2E1A837A670059BCBC /* UIScrollView+TPKeyboardAvoidingAdditions.m */,
			);
			path = TPKeyboardAvoiding;
			sourceTree = "<group>";
		};
		1AB33B401A7660B300E3AB55 /* Products */ = {
			isa = PBXGroup;
			children = (
				1AB33B4C1A7660B300E3AB55 /* RTDemoApp.app */,
				1AB33B4E1A7660B300E3AB55 /* DTCoreText.framework */,
				1AB33B501A7660B300E3AB55 /* libDTCoreText.a */,
				1AB33B521A7660B300E3AB55 /* UnitTest.xctest */,
				1AB33B541A7660B300E3AB55 /* MacUnitTest.xctest */,
				1AB33B561A7660B300E3AB55 /* libDTCoreText_no_DTFoundation.a */,
				1AB33B581A7660B300E3AB55 /* DTCoreText.framework */,
			);
			name = Products;
			sourceTree = "<group>";
		};
		966128461A4DA63100A54A23 = {
			isa = PBXGroup;
			children = (
				966128511A4DA63100A54A23 /* DesignerNewsApp */,
				1A935E251A837A670059BCBC /* Libraries */,
				1A8D9C7F1A75E2A70032DA0F /* Externals */,
				1A8D9C881A75E31F0032DA0F /* Frameworks */,
				966128671A4DA63100A54A23 /* DesignerNewsAppTests */,
				966128501A4DA63100A54A23 /* Products */,
			);
			sourceTree = "<group>";
		};
		966128501A4DA63100A54A23 /* Products */ = {
			isa = PBXGroup;
			children = (
				9661284F1A4DA63100A54A23 /* DesignerNewsApp.app */,
				966128641A4DA63100A54A23 /* DesignerNewsAppTests.xctest */,
			);
			name = Products;
			sourceTree = "<group>";
		};
		966128511A4DA63100A54A23 /* DesignerNewsApp */ = {
			isa = PBXGroup;
			children = (
				966128581A4DA63100A54A23 /* Main.storyboard */,
				B78F903F1A6EFB9800883A5B /* Models */,
				B70191151A76566700ED4D3D /* Views */,
				B70190FA1A754DC900ED4D3D /* View Controllers */,
				B70190FF1A754DE300ED4D3D /* Services */,
				B7E4D3311A719831001DC9B6 /* Cells */,
				B779F6A41AB7553B00DDF3AA /* Activities */,
				B70191001A7550B600ED4D3D /* Behaviours */,
				B70191221A7656AF00ED4D3D /* Bridging */,
				966128521A4DA63100A54A23 /* Supporting Files */,
			);
			path = DesignerNewsApp;
			sourceTree = "<group>";
		};
		966128521A4DA63100A54A23 /* Supporting Files */ = {
			isa = PBXGroup;
			children = (
				1A935E371A837B980059BCBC /* refresh.wav */,
				1A935E381A837B980059BCBC /* upvote.wav */,
				9661285D1A4DA63100A54A23 /* LaunchScreen.xib */,
				9661285B1A4DA63100A54A23 /* Images.xcassets */,
				966128531A4DA63100A54A23 /* Info.plist */,
			);
			name = "Supporting Files";
			sourceTree = "<group>";
		};
		966128671A4DA63100A54A23 /* DesignerNewsAppTests */ = {
			isa = PBXGroup;
			children = (
				9661286A1A4DA63100A54A23 /* DesignerNewsAppTests.swift */,
				966128681A4DA63100A54A23 /* Supporting Files */,
			);
			path = DesignerNewsAppTests;
			sourceTree = "<group>";
		};
		966128681A4DA63100A54A23 /* Supporting Files */ = {
			isa = PBXGroup;
			children = (
				966128691A4DA63100A54A23 /* Info.plist */,
			);
			name = "Supporting Files";
			sourceTree = "<group>";
		};
		96A580061A5E4DF400FDE099 /* Products */ = {
			isa = PBXGroup;
			children = (
				96A5800B1A5E4DF500FDE099 /* Alamofire.framework */,
				B76E9F9F1ADE6771003547E9 /* Alamofire.framework */,
				96A5800D1A5E4DF500FDE099 /* Alamofire iOS Tests.xctest */,
				B76E9FA11ADE6771003547E9 /* Alamofire OSX Tests.xctest */,
			);
			name = Products;
			sourceTree = "<group>";
		};
		B70190FA1A754DC900ED4D3D /* View Controllers */ = {
			isa = PBXGroup;
			children = (
				967CFD051A5C10700044B4E3 /* LoginViewController.swift */,
				96AF96141A5EAA41003926E2 /* StoriesTableViewController.swift */,
				9694F2041A5FF13900A6376A /* CommentsTableViewController.swift */,
				964892141A62A84600214D53 /* ReplyViewController.swift */,
				9694F20A1A6123D000A6376A /* WebViewController.swift */,
				964892661A63F5D900214D53 /* MenuViewController.swift */,
				961889B71A680D3800295A64 /* LearnViewController.swift */,
				966128541A4DA63100A54A23 /* AppDelegate.swift */,
				1AB6351B1AB6D46900064D14 /* ContainerViewController.swift */,
				9631F5A71AC1A9A800418E0E /* IntroViewController.swift */,
			);
			name = "View Controllers";
			sourceTree = "<group>";
		};
		B70190FF1A754DE300ED4D3D /* Services */ = {
			isa = PBXGroup;
			children = (
				B78F903D1A6EFAAA00883A5B /* JSONParser.swift */,
				B78F90371A6EF75800883A5B /* DesignerNewsService.swift */,
				1A2331D11A78E1AF002F8D80 /* StoriesLoader.swift */,
				B773D86E1A7BC101008E8A65 /* LocalStore.swift */,
				1A2849961AB9D3F900940CE3 /* LoginService.swift */,
			);
			name = Services;
			sourceTree = "<group>";
		};
		B70191001A7550B600ED4D3D /* Behaviours */ = {
			isa = PBXGroup;
			children = (
				1A7D789F1A70F8FE0061D6F6 /* DragDropBehavior.swift */,
				1A935E3B1A837C640059BCBC /* SoundPlayer+DesignerNewsApp.swift */,
			);
			name = Behaviours;
			sourceTree = "<group>";
		};
		B70191151A76566700ED4D3D /* Views */ = {
			isa = PBXGroup;
			children = (
				1A9183081A75EE1900606F35 /* CoreTextView.swift */,
				B790E5301A82C6BC0007B392 /* MenuControl.swift */,
			);
			name = Views;
			sourceTree = "<group>";
		};
		B70191221A7656AF00ED4D3D /* Bridging */ = {
			isa = PBXGroup;
			children = (
				1A908E611A75382200F30022 /* DesignerNewsApp-Bridging-Header.h */,
			);
			name = Bridging;
			sourceTree = "<group>";
		};
		B779F6A41AB7553B00DDF3AA /* Activities */ = {
			isa = PBXGroup;
			children = (
				B779F6C51AB7851100DDF3AA /* SafariActivity.swift */,
				B779F6B31AB7570700DDF3AA /* ChromeActivity.swift */,
			);
			name = Activities;
			sourceTree = "<group>";
		};
		B78F903F1A6EFB9800883A5B /* Models */ = {
			isa = PBXGroup;
			children = (
				B78F90401A6EFBAF00883A5B /* Story.swift */,
				B78F90421A6EFF2100883A5B /* Comment.swift */,
				1AED4A701A7BBCCA004C689E /* Error.swift */,
				1A908E461A74A44600F30022 /* Replyable.swift */,
			);
			name = Models;
			sourceTree = "<group>";
		};
		B7E4D3311A719831001DC9B6 /* Cells */ = {
			isa = PBXGroup;
			children = (
				96AF96161A5EABC9003926E2 /* StoryTableViewCell.swift */,
				B7E4D3361A719855001DC9B6 /* CommentTableViewCell.swift */,
				1A2331C31A78DFAF002F8D80 /* LoadingTableViewCell.swift */,
			);
			name = Cells;
			sourceTree = "<group>";
		};
/* End PBXGroup section */

/* Begin PBXNativeTarget section */
		9661284E1A4DA63100A54A23 /* DesignerNewsApp */ = {
			isa = PBXNativeTarget;
			buildConfigurationList = 9661286E1A4DA63100A54A23 /* Build configuration list for PBXNativeTarget "DesignerNewsApp" */;
			buildPhases = (
				9661284B1A4DA63100A54A23 /* Sources */,
				9661284C1A4DA63100A54A23 /* Frameworks */,
				9661284D1A4DA63100A54A23 /* Resources */,
				96AEB7461A5E5C3F005989F4 /* Embed Frameworks */,
			);
			buildRules = (
			);
			dependencies = (
				1A6D71931A6E5F43003968BA /* PBXTargetDependency */,
				964892131A62818A00214D53 /* PBXTargetDependency */,
			);
			name = DesignerNewsApp;
			productName = DesignerNewsApp;
			productReference = 9661284F1A4DA63100A54A23 /* DesignerNewsApp.app */;
			productType = "com.apple.product-type.application";
		};
		966128631A4DA63100A54A23 /* DesignerNewsAppTests */ = {
			isa = PBXNativeTarget;
			buildConfigurationList = 966128711A4DA63100A54A23 /* Build configuration list for PBXNativeTarget "DesignerNewsAppTests" */;
			buildPhases = (
				966128601A4DA63100A54A23 /* Sources */,
				966128611A4DA63100A54A23 /* Frameworks */,
				966128621A4DA63100A54A23 /* Resources */,
			);
			buildRules = (
			);
			dependencies = (
				966128661A4DA63100A54A23 /* PBXTargetDependency */,
			);
			name = DesignerNewsAppTests;
			productName = DesignerNewsAppTests;
			productReference = 966128641A4DA63100A54A23 /* DesignerNewsAppTests.xctest */;
			productType = "com.apple.product-type.bundle.unit-test";
		};
/* End PBXNativeTarget section */

/* Begin PBXProject section */
		966128471A4DA63100A54A23 /* Project object */ = {
			isa = PBXProject;
			attributes = {
				LastUpgradeCheck = 0630;
				ORGANIZATIONNAME = "Meng To";
				TargetAttributes = {
					9661284E1A4DA63100A54A23 = {
						CreatedOnToolsVersion = 6.2;
						DevelopmentTeam = 68WS2M23VC;
					};
					966128631A4DA63100A54A23 = {
						CreatedOnToolsVersion = 6.2;
						DevelopmentTeam = 68WS2M23VC;
						TestTargetID = 9661284E1A4DA63100A54A23;
					};
				};
			};
			buildConfigurationList = 9661284A1A4DA63100A54A23 /* Build configuration list for PBXProject "DesignerNewsApp" */;
			compatibilityVersion = "Xcode 3.2";
			developmentRegion = English;
			hasScannedForEncodings = 0;
			knownRegions = (
				en,
				Base,
			);
			mainGroup = 966128461A4DA63100A54A23;
			productRefGroup = 966128501A4DA63100A54A23 /* Products */;
			projectDirPath = "";
			projectReferences = (
				{
					ProductGroup = 96A580061A5E4DF400FDE099 /* Products */;
					ProjectRef = 96A580051A5E4DF400FDE099 /* Alamofire.xcodeproj */;
				},
				{
					ProductGroup = 1AB33B401A7660B300E3AB55 /* Products */;
					ProjectRef = 1AB33B3F1A7660B300E3AB55 /* DTCoreText.xcodeproj */;
				},
				{
					ProductGroup = 1A4FDA221A6E43FE0099D309 /* Products */;
					ProjectRef = 1A4FDA211A6E43FE0099D309 /* SpringApp.xcodeproj */;
				},
			);
			projectRoot = "";
			targets = (
				9661284E1A4DA63100A54A23 /* DesignerNewsApp */,
				966128631A4DA63100A54A23 /* DesignerNewsAppTests */,
			);
		};
/* End PBXProject section */

/* Begin PBXReferenceProxy section */
		1A4FDA271A6E43FE0099D309 /* SpringApp.app */ = {
			isa = PBXReferenceProxy;
			fileType = wrapper.application;
			path = SpringApp.app;
			remoteRef = 1A4FDA261A6E43FE0099D309 /* PBXContainerItemProxy */;
			sourceTree = BUILT_PRODUCTS_DIR;
		};
		1A4FDA291A6E43FE0099D309 /* SpringAppTests.xctest */ = {
			isa = PBXReferenceProxy;
			fileType = wrapper.cfbundle;
			path = SpringAppTests.xctest;
			remoteRef = 1A4FDA281A6E43FE0099D309 /* PBXContainerItemProxy */;
			sourceTree = BUILT_PRODUCTS_DIR;
		};
		1A4FDA711A6E44B70099D309 /* Spring.framework */ = {
			isa = PBXReferenceProxy;
			fileType = wrapper.framework;
			path = Spring.framework;
			remoteRef = 1A4FDA701A6E44B70099D309 /* PBXContainerItemProxy */;
			sourceTree = BUILT_PRODUCTS_DIR;
		};
		1A4FDA731A6E44B70099D309 /* SpringTests.xctest */ = {
			isa = PBXReferenceProxy;
			fileType = wrapper.cfbundle;
			path = SpringTests.xctest;
			remoteRef = 1A4FDA721A6E44B70099D309 /* PBXContainerItemProxy */;
			sourceTree = BUILT_PRODUCTS_DIR;
		};
		1AB33B4C1A7660B300E3AB55 /* RTDemoApp.app */ = {
			isa = PBXReferenceProxy;
			fileType = wrapper.application;
			path = RTDemoApp.app;
			remoteRef = 1AB33B4B1A7660B300E3AB55 /* PBXContainerItemProxy */;
			sourceTree = BUILT_PRODUCTS_DIR;
		};
		1AB33B4E1A7660B300E3AB55 /* DTCoreText.framework */ = {
			isa = PBXReferenceProxy;
			fileType = wrapper.cfbundle;
			path = DTCoreText.framework;
			remoteRef = 1AB33B4D1A7660B300E3AB55 /* PBXContainerItemProxy */;
			sourceTree = BUILT_PRODUCTS_DIR;
		};
		1AB33B501A7660B300E3AB55 /* libDTCoreText.a */ = {
			isa = PBXReferenceProxy;
			fileType = archive.ar;
			path = libDTCoreText.a;
			remoteRef = 1AB33B4F1A7660B300E3AB55 /* PBXContainerItemProxy */;
			sourceTree = BUILT_PRODUCTS_DIR;
		};
		1AB33B521A7660B300E3AB55 /* UnitTest.xctest */ = {
			isa = PBXReferenceProxy;
			fileType = wrapper.cfbundle;
			path = UnitTest.xctest;
			remoteRef = 1AB33B511A7660B300E3AB55 /* PBXContainerItemProxy */;
			sourceTree = BUILT_PRODUCTS_DIR;
		};
		1AB33B541A7660B300E3AB55 /* MacUnitTest.xctest */ = {
			isa = PBXReferenceProxy;
			fileType = wrapper.cfbundle;
			path = MacUnitTest.xctest;
			remoteRef = 1AB33B531A7660B300E3AB55 /* PBXContainerItemProxy */;
			sourceTree = BUILT_PRODUCTS_DIR;
		};
		1AB33B561A7660B300E3AB55 /* libDTCoreText_no_DTFoundation.a */ = {
			isa = PBXReferenceProxy;
			fileType = archive.ar;
			path = libDTCoreText_no_DTFoundation.a;
			remoteRef = 1AB33B551A7660B300E3AB55 /* PBXContainerItemProxy */;
			sourceTree = BUILT_PRODUCTS_DIR;
		};
		1AB33B581A7660B300E3AB55 /* DTCoreText.framework */ = {
			isa = PBXReferenceProxy;
			fileType = wrapper.framework;
			path = DTCoreText.framework;
			remoteRef = 1AB33B571A7660B300E3AB55 /* PBXContainerItemProxy */;
			sourceTree = BUILT_PRODUCTS_DIR;
		};
		96A5800B1A5E4DF500FDE099 /* Alamofire.framework */ = {
			isa = PBXReferenceProxy;
			fileType = wrapper.framework;
			path = Alamofire.framework;
			remoteRef = 96A5800A1A5E4DF500FDE099 /* PBXContainerItemProxy */;
			sourceTree = BUILT_PRODUCTS_DIR;
		};
		96A5800D1A5E4DF500FDE099 /* Alamofire iOS Tests.xctest */ = {
			isa = PBXReferenceProxy;
			fileType = wrapper.cfbundle;
			path = "Alamofire iOS Tests.xctest";
			remoteRef = 96A5800C1A5E4DF500FDE099 /* PBXContainerItemProxy */;
			sourceTree = BUILT_PRODUCTS_DIR;
		};
		B76E9F9F1ADE6771003547E9 /* Alamofire.framework */ = {
			isa = PBXReferenceProxy;
			fileType = wrapper.framework;
			path = Alamofire.framework;
			remoteRef = B76E9F9E1ADE6771003547E9 /* PBXContainerItemProxy */;
			sourceTree = BUILT_PRODUCTS_DIR;
		};
		B76E9FA11ADE6771003547E9 /* Alamofire OSX Tests.xctest */ = {
			isa = PBXReferenceProxy;
			fileType = wrapper.cfbundle;
			path = "Alamofire OSX Tests.xctest";
			remoteRef = B76E9FA01ADE6771003547E9 /* PBXContainerItemProxy */;
			sourceTree = BUILT_PRODUCTS_DIR;
		};
/* End PBXReferenceProxy section */

/* Begin PBXResourcesBuildPhase section */
		9661284D1A4DA63100A54A23 /* Resources */ = {
			isa = PBXResourcesBuildPhase;
			buildActionMask = 2147483647;
			files = (
				9661285A1A4DA63100A54A23 /* Main.storyboard in Resources */,
				1A6D23BF1AB6AD2E000F080A /* HockeySDKResources.bundle in Resources */,
				9661285F1A4DA63100A54A23 /* LaunchScreen.xib in Resources */,
				1A935E391A837B980059BCBC /* refresh.wav in Resources */,
				1A935E3A1A837B980059BCBC /* upvote.wav in Resources */,
				9661285C1A4DA63100A54A23 /* Images.xcassets in Resources */,
			);
			runOnlyForDeploymentPostprocessing = 0;
		};
		966128621A4DA63100A54A23 /* Resources */ = {
			isa = PBXResourcesBuildPhase;
			buildActionMask = 2147483647;
			files = (
			);
			runOnlyForDeploymentPostprocessing = 0;
		};
/* End PBXResourcesBuildPhase section */

/* Begin PBXSourcesBuildPhase section */
		9661284B1A4DA63100A54A23 /* Sources */ = {
			isa = PBXSourcesBuildPhase;
			buildActionMask = 2147483647;
			files = (
				964892671A63F5D900214D53 /* MenuViewController.swift in Sources */,
				961889B81A680D3800295A64 /* LearnViewController.swift in Sources */,
				1A2849971AB9D3F900940CE3 /* LoginService.swift in Sources */,
				1AB6351C1AB6D46900064D14 /* ContainerViewController.swift in Sources */,
				966128551A4DA63100A54A23 /* AppDelegate.swift in Sources */,
				B773D86F1A7BC101008E8A65 /* LocalStore.swift in Sources */,
				1A7D78A01A70F8FE0061D6F6 /* DragDropBehavior.swift in Sources */,
				1A935E311A837A670059BCBC /* TPKeyboardAvoidingTableView.m in Sources */,
				1AED4A711A7BBCCA004C689E /* Error.swift in Sources */,
				B78F903E1A6EFAAA00883A5B /* JSONParser.swift in Sources */,
				1A908E471A74A44600F30022 /* Replyable.swift in Sources */,
				964892151A62A84600214D53 /* ReplyViewController.swift in Sources */,
				1A2331C41A78DFAF002F8D80 /* LoadingTableViewCell.swift in Sources */,
				1A935E2F1A837A670059BCBC /* TPKeyboardAvoidingCollectionView.m in Sources */,
				B78F90431A6EFF2100883A5B /* Comment.swift in Sources */,
				1A935E321A837A670059BCBC /* UIScrollView+TPKeyboardAvoidingAdditions.m in Sources */,
				96AF96151A5EAA41003926E2 /* StoriesTableViewController.swift in Sources */,
				B78F90381A6EF75800883A5B /* DesignerNewsService.swift in Sources */,
				9694F20B1A6123D000A6376A /* WebViewController.swift in Sources */,
				B78F90411A6EFBAF00883A5B /* Story.swift in Sources */,
				1A935E301A837A670059BCBC /* TPKeyboardAvoidingScrollView.m in Sources */,
				96AF96171A5EABC9003926E2 /* StoryTableViewCell.swift in Sources */,
				1A9183091A75EE1900606F35 /* CoreTextView.swift in Sources */,
				1A935E3C1A837C640059BCBC /* SoundPlayer+DesignerNewsApp.swift in Sources */,
				B7E4D3371A719855001DC9B6 /* CommentTableViewCell.swift in Sources */,
				1A2331D21A78E1AF002F8D80 /* StoriesLoader.swift in Sources */,
				967CFD061A5C10700044B4E3 /* LoginViewController.swift in Sources */,
				B779F6C61AB7851100DDF3AA /* SafariActivity.swift in Sources */,
				9694F2051A5FF13900A6376A /* CommentsTableViewController.swift in Sources */,
				B790E5311A82C6BC0007B392 /* MenuControl.swift in Sources */,
				B779F6B41AB7570700DDF3AA /* ChromeActivity.swift in Sources */,
				9631F5A81AC1A9A800418E0E /* IntroViewController.swift in Sources */,
			);
			runOnlyForDeploymentPostprocessing = 0;
		};
		966128601A4DA63100A54A23 /* Sources */ = {
			isa = PBXSourcesBuildPhase;
			buildActionMask = 2147483647;
			files = (
				9661286B1A4DA63100A54A23 /* DesignerNewsAppTests.swift in Sources */,
			);
			runOnlyForDeploymentPostprocessing = 0;
		};
/* End PBXSourcesBuildPhase section */

/* Begin PBXTargetDependency section */
		1A6D71931A6E5F43003968BA /* PBXTargetDependency */ = {
			isa = PBXTargetDependency;
			name = Spring;
			targetProxy = 1A6D71921A6E5F43003968BA /* PBXContainerItemProxy */;
		};
		964892131A62818A00214D53 /* PBXTargetDependency */ = {
			isa = PBXTargetDependency;
			name = Alamofire;
			targetProxy = 964892121A62818A00214D53 /* PBXContainerItemProxy */;
		};
		966128661A4DA63100A54A23 /* PBXTargetDependency */ = {
			isa = PBXTargetDependency;
			target = 9661284E1A4DA63100A54A23 /* DesignerNewsApp */;
			targetProxy = 966128651A4DA63100A54A23 /* PBXContainerItemProxy */;
		};
/* End PBXTargetDependency section */

/* Begin PBXVariantGroup section */
		966128581A4DA63100A54A23 /* Main.storyboard */ = {
			isa = PBXVariantGroup;
			children = (
				966128591A4DA63100A54A23 /* Base */,
			);
			name = Main.storyboard;
			sourceTree = "<group>";
		};
		9661285D1A4DA63100A54A23 /* LaunchScreen.xib */ = {
			isa = PBXVariantGroup;
			children = (
				9661285E1A4DA63100A54A23 /* Base */,
			);
			name = LaunchScreen.xib;
			sourceTree = "<group>";
		};
/* End PBXVariantGroup section */

/* Begin XCBuildConfiguration section */
		9661286C1A4DA63100A54A23 /* Debug */ = {
			isa = XCBuildConfiguration;
			buildSettings = {
				ALWAYS_SEARCH_USER_PATHS = NO;
				CLANG_CXX_LANGUAGE_STANDARD = "gnu++0x";
				CLANG_CXX_LIBRARY = "libc++";
				CLANG_ENABLE_MODULES = YES;
				CLANG_ENABLE_OBJC_ARC = YES;
				CLANG_WARN_BOOL_CONVERSION = YES;
				CLANG_WARN_CONSTANT_CONVERSION = YES;
				CLANG_WARN_DIRECT_OBJC_ISA_USAGE = YES_ERROR;
				CLANG_WARN_EMPTY_BODY = YES;
				CLANG_WARN_ENUM_CONVERSION = YES;
				CLANG_WARN_INT_CONVERSION = YES;
				CLANG_WARN_OBJC_ROOT_CLASS = YES_ERROR;
				CLANG_WARN_UNREACHABLE_CODE = YES;
				CLANG_WARN__DUPLICATE_METHOD_MATCH = YES;
				"CODE_SIGN_IDENTITY[sdk=iphoneos*]" = "iPhone Developer";
				COPY_PHASE_STRIP = NO;
				ENABLE_STRICT_OBJC_MSGSEND = YES;
				GCC_C_LANGUAGE_STANDARD = gnu99;
				GCC_DYNAMIC_NO_PIC = NO;
				GCC_OPTIMIZATION_LEVEL = 0;
				GCC_PREPROCESSOR_DEFINITIONS = (
					"DEBUG=1",
					"$(inherited)",
				);
				GCC_SYMBOLS_PRIVATE_EXTERN = NO;
				GCC_WARN_64_TO_32_BIT_CONVERSION = YES;
				GCC_WARN_ABOUT_RETURN_TYPE = YES_ERROR;
				GCC_WARN_UNDECLARED_SELECTOR = YES;
				GCC_WARN_UNINITIALIZED_AUTOS = YES_AGGRESSIVE;
				GCC_WARN_UNUSED_FUNCTION = YES;
				GCC_WARN_UNUSED_VARIABLE = YES;
				IPHONEOS_DEPLOYMENT_TARGET = 8.2;
				MTL_ENABLE_DEBUG_INFO = YES;
				ONLY_ACTIVE_ARCH = YES;
				PROVISIONING_PROFILE = "";
				SDKROOT = iphoneos;
				SWIFT_OPTIMIZATION_LEVEL = "-Onone";
			};
			name = Debug;
		};
		9661286D1A4DA63100A54A23 /* Release */ = {
			isa = XCBuildConfiguration;
			buildSettings = {
				ALWAYS_SEARCH_USER_PATHS = NO;
				CLANG_CXX_LANGUAGE_STANDARD = "gnu++0x";
				CLANG_CXX_LIBRARY = "libc++";
				CLANG_ENABLE_MODULES = YES;
				CLANG_ENABLE_OBJC_ARC = YES;
				CLANG_WARN_BOOL_CONVERSION = YES;
				CLANG_WARN_CONSTANT_CONVERSION = YES;
				CLANG_WARN_DIRECT_OBJC_ISA_USAGE = YES_ERROR;
				CLANG_WARN_EMPTY_BODY = YES;
				CLANG_WARN_ENUM_CONVERSION = YES;
				CLANG_WARN_INT_CONVERSION = YES;
				CLANG_WARN_OBJC_ROOT_CLASS = YES_ERROR;
				CLANG_WARN_UNREACHABLE_CODE = YES;
				CLANG_WARN__DUPLICATE_METHOD_MATCH = YES;
				"CODE_SIGN_IDENTITY[sdk=iphoneos*]" = "iPhone Developer";
				COPY_PHASE_STRIP = YES;
				ENABLE_NS_ASSERTIONS = NO;
				ENABLE_STRICT_OBJC_MSGSEND = YES;
				GCC_C_LANGUAGE_STANDARD = gnu99;
				GCC_WARN_64_TO_32_BIT_CONVERSION = YES;
				GCC_WARN_ABOUT_RETURN_TYPE = YES_ERROR;
				GCC_WARN_UNDECLARED_SELECTOR = YES;
				GCC_WARN_UNINITIALIZED_AUTOS = YES_AGGRESSIVE;
				GCC_WARN_UNUSED_FUNCTION = YES;
				GCC_WARN_UNUSED_VARIABLE = YES;
				IPHONEOS_DEPLOYMENT_TARGET = 8.2;
				MTL_ENABLE_DEBUG_INFO = NO;
				PROVISIONING_PROFILE = "";
				SDKROOT = iphoneos;
				VALIDATE_PRODUCT = YES;
			};
			name = Release;
		};
		9661286F1A4DA63100A54A23 /* Debug */ = {
			isa = XCBuildConfiguration;
			buildSettings = {
				ALWAYS_SEARCH_USER_PATHS = YES;
				ASSETCATALOG_COMPILER_APPICON_NAME = AppIcon;
				CODE_SIGN_IDENTITY = "iPhone Developer";
				"CODE_SIGN_IDENTITY[sdk=iphoneos*]" = "iPhone Developer";
				EMBEDDED_CONTENT_CONTAINS_SWIFT = YES;
				FRAMEWORK_SEARCH_PATHS = (
					"$(inherited)",
					"$(PROJECT_DIR)/Libraries/HockeySDK-iOS/HockeySDK.embeddedframework",
				);
				HEADER_SEARCH_PATHS = (
					"$(inherited)",
					/Applications/Xcode.app/Contents/Developer/Toolchains/XcodeDefault.xctoolchain/usr/include,
					"${SDKROOT}/usr/include/libxml2",
				);
				INFOPLIST_FILE = DesignerNewsApp/Info.plist;
				IPHONEOS_DEPLOYMENT_TARGET = 8.0;
				LD_RUNPATH_SEARCH_PATHS = "$(inherited) @executable_path/Frameworks";
				OTHER_LDFLAGS = (
					"-ObjC",
					"-all_load",
				);
				PRODUCT_NAME = "$(TARGET_NAME)";
				PROVISIONING_PROFILE = "";
				SWIFT_OBJC_BRIDGING_HEADER = "$(PRODUCT_NAME)/$(PRODUCT_NAME)-Bridging-Header.h";
				TARGETED_DEVICE_FAMILY = 1;
				USER_HEADER_SEARCH_PATHS = "Externals/DTCoreText/Core/** Externals/DTCoreText/Externals/DTFoundation/Core/**";
			};
			name = Debug;
		};
		966128701A4DA63100A54A23 /* Release */ = {
			isa = XCBuildConfiguration;
			buildSettings = {
				ALWAYS_SEARCH_USER_PATHS = YES;
				ASSETCATALOG_COMPILER_APPICON_NAME = AppIcon;
				CODE_SIGN_IDENTITY = "iPhone Developer";
				"CODE_SIGN_IDENTITY[sdk=iphoneos*]" = "iPhone Developer";
				EMBEDDED_CONTENT_CONTAINS_SWIFT = YES;
				FRAMEWORK_SEARCH_PATHS = (
					"$(inherited)",
					"$(PROJECT_DIR)/Libraries/HockeySDK-iOS/HockeySDK.embeddedframework",
				);
				HEADER_SEARCH_PATHS = (
					"$(inherited)",
					/Applications/Xcode.app/Contents/Developer/Toolchains/XcodeDefault.xctoolchain/usr/include,
					"${SDKROOT}/usr/include/libxml2",
				);
				INFOPLIST_FILE = DesignerNewsApp/Info.plist;
				IPHONEOS_DEPLOYMENT_TARGET = 8.0;
				LD_RUNPATH_SEARCH_PATHS = "$(inherited) @executable_path/Frameworks";
				OTHER_LDFLAGS = (
					"-ObjC",
					"-all_load",
				);
				PRODUCT_NAME = "$(TARGET_NAME)";
				PROVISIONING_PROFILE = "";
				SWIFT_OBJC_BRIDGING_HEADER = "$(PRODUCT_NAME)/$(PRODUCT_NAME)-Bridging-Header.h";
				TARGETED_DEVICE_FAMILY = 1;
				USER_HEADER_SEARCH_PATHS = "Externals/DTCoreText/Core/** Externals/DTCoreText/Externals/DTFoundation/Core/**";
			};
			name = Release;
		};
		966128721A4DA63100A54A23 /* Debug */ = {
			isa = XCBuildConfiguration;
			buildSettings = {
				BUNDLE_LOADER = "$(TEST_HOST)";
				FRAMEWORK_SEARCH_PATHS = (
					"$(SDKROOT)/Developer/Library/Frameworks",
					"$(inherited)",
				);
				GCC_PREPROCESSOR_DEFINITIONS = (
					"DEBUG=1",
					"$(inherited)",
				);
				INFOPLIST_FILE = DesignerNewsAppTests/Info.plist;
				IPHONEOS_DEPLOYMENT_TARGET = 8.0;
				LD_RUNPATH_SEARCH_PATHS = "$(inherited) @executable_path/Frameworks @loader_path/Frameworks";
				PRODUCT_NAME = "$(TARGET_NAME)";
				TEST_HOST = "$(BUILT_PRODUCTS_DIR)/DesignerNewsApp.app/DesignerNewsApp";
			};
			name = Debug;
		};
		966128731A4DA63100A54A23 /* Release */ = {
			isa = XCBuildConfiguration;
			buildSettings = {
				BUNDLE_LOADER = "$(TEST_HOST)";
				FRAMEWORK_SEARCH_PATHS = (
					"$(SDKROOT)/Developer/Library/Frameworks",
					"$(inherited)",
				);
				INFOPLIST_FILE = DesignerNewsAppTests/Info.plist;
				IPHONEOS_DEPLOYMENT_TARGET = 8.0;
				LD_RUNPATH_SEARCH_PATHS = "$(inherited) @executable_path/Frameworks @loader_path/Frameworks";
				PRODUCT_NAME = "$(TARGET_NAME)";
				TEST_HOST = "$(BUILT_PRODUCTS_DIR)/DesignerNewsApp.app/DesignerNewsApp";
			};
			name = Release;
		};
/* End XCBuildConfiguration section */

/* Begin XCConfigurationList section */
		9661284A1A4DA63100A54A23 /* Build configuration list for PBXProject "DesignerNewsApp" */ = {
			isa = XCConfigurationList;
			buildConfigurations = (
				9661286C1A4DA63100A54A23 /* Debug */,
				9661286D1A4DA63100A54A23 /* Release */,
			);
			defaultConfigurationIsVisible = 0;
			defaultConfigurationName = Release;
		};
		9661286E1A4DA63100A54A23 /* Build configuration list for PBXNativeTarget "DesignerNewsApp" */ = {
			isa = XCConfigurationList;
			buildConfigurations = (
				9661286F1A4DA63100A54A23 /* Debug */,
				966128701A4DA63100A54A23 /* Release */,
			);
			defaultConfigurationIsVisible = 0;
			defaultConfigurationName = Release;
		};
		966128711A4DA63100A54A23 /* Build configuration list for PBXNativeTarget "DesignerNewsAppTests" */ = {
			isa = XCConfigurationList;
			buildConfigurations = (
				966128721A4DA63100A54A23 /* Debug */,
				966128731A4DA63100A54A23 /* Release */,
			);
			defaultConfigurationIsVisible = 0;
			defaultConfigurationName = Release;
		};
/* End XCConfigurationList section */
	};
	rootObject = 966128471A4DA63100A54A23 /* Project object */;
}
