// !$*UTF8*$!
{
	archiveVersion = 1;
	classes = {
	};
	objectVersion = 46;
	objects = {

/* Begin PBXBuildFile section */
		9618890D1A66C4E000295A64 /* BlurView.swift in Sources */ = {isa = PBXBuildFile; fileRef = 961888FA1A66C4E000295A64 /* BlurView.swift */; };
		9618890E1A66C4E000295A64 /* Data.swift in Sources */ = {isa = PBXBuildFile; fileRef = 961888FB1A66C4E000295A64 /* Data.swift */; };
		9618890F1A66C4E000295A64 /* DesignableButton.swift in Sources */ = {isa = PBXBuildFile; fileRef = 961888FC1A66C4E000295A64 /* DesignableButton.swift */; };
		961889101A66C4E000295A64 /* DesignableImageView.swift in Sources */ = {isa = PBXBuildFile; fileRef = 961888FD1A66C4E000295A64 /* DesignableImageView.swift */; };
		961889111A66C4E000295A64 /* DesignableLabel.swift in Sources */ = {isa = PBXBuildFile; fileRef = 961888FE1A66C4E000295A64 /* DesignableLabel.swift */; };
		961889121A66C4E000295A64 /* DesignableTextField.swift in Sources */ = {isa = PBXBuildFile; fileRef = 961888FF1A66C4E000295A64 /* DesignableTextField.swift */; };
		961889131A66C4E000295A64 /* DesignableTextView.swift in Sources */ = {isa = PBXBuildFile; fileRef = 961889001A66C4E000295A64 /* DesignableTextView.swift */; };
		961889141A66C4E000295A64 /* DesignableView.swift in Sources */ = {isa = PBXBuildFile; fileRef = 961889011A66C4E000295A64 /* DesignableView.swift */; };
		961889151A66C4E000295A64 /* ImageLoader.swift in Sources */ = {isa = PBXBuildFile; fileRef = 961889021A66C4E000295A64 /* ImageLoader.swift */; };
		961889161A66C4E000295A64 /* KeyboardAvoidingScrollView.swift in Sources */ = {isa = PBXBuildFile; fileRef = 961889031A66C4E000295A64 /* KeyboardAvoidingScrollView.swift */; };
		961889171A66C4E000295A64 /* loadingView.swift in Sources */ = {isa = PBXBuildFile; fileRef = 961889041A66C4E000295A64 /* loadingView.swift */; };
		961889181A66C4E000295A64 /* loadingView.xib in Resources */ = {isa = PBXBuildFile; fileRef = 961889051A66C4E000295A64 /* loadingView.xib */; };
		961889191A66C4E000295A64 /* Misc.swift in Sources */ = {isa = PBXBuildFile; fileRef = 961889061A66C4E000295A64 /* Misc.swift */; };
		9618891A1A66C4E000295A64 /* SpringAnimation.swift in Sources */ = {isa = PBXBuildFile; fileRef = 961889071A66C4E000295A64 /* SpringAnimation.swift */; };
		9618891B1A66C4E000295A64 /* SpringButton.swift in Sources */ = {isa = PBXBuildFile; fileRef = 961889081A66C4E000295A64 /* SpringButton.swift */; };
		9618891C1A66C4E000295A64 /* SpringView.swift in Sources */ = {isa = PBXBuildFile; fileRef = 961889091A66C4E000295A64 /* SpringView.swift */; };
		9618891D1A66C4E000295A64 /* TransitionManager.swift in Sources */ = {isa = PBXBuildFile; fileRef = 9618890A1A66C4E000295A64 /* TransitionManager.swift */; };
		9618891E1A66C4E000295A64 /* TransitionZoom.swift in Sources */ = {isa = PBXBuildFile; fileRef = 9618890B1A66C4E000295A64 /* TransitionZoom.swift */; };
		9618891F1A66C4E000295A64 /* UnwindSegue.swift in Sources */ = {isa = PBXBuildFile; fileRef = 9618890C1A66C4E000295A64 /* UnwindSegue.swift */; };
		964892151A62A84600214D53 /* CommentViewController.swift in Sources */ = {isa = PBXBuildFile; fileRef = 964892141A62A84600214D53 /* CommentViewController.swift */; };
		964892621A63AB2600214D53 /* DesignerNewsApp.xcdatamodeld in Sources */ = {isa = PBXBuildFile; fileRef = 964892601A63AB2600214D53 /* DesignerNewsApp.xcdatamodeld */; };
		964892651A63C6E600214D53 /* CoreData.swift in Sources */ = {isa = PBXBuildFile; fileRef = 964892641A63C6E600214D53 /* CoreData.swift */; };
		964892671A63F5D900214D53 /* MenuViewController.swift in Sources */ = {isa = PBXBuildFile; fileRef = 964892661A63F5D900214D53 /* MenuViewController.swift */; };
		966128551A4DA63100A54A23 /* AppDelegate.swift in Sources */ = {isa = PBXBuildFile; fileRef = 966128541A4DA63100A54A23 /* AppDelegate.swift */; };
		9661285A1A4DA63100A54A23 /* Main.storyboard in Resources */ = {isa = PBXBuildFile; fileRef = 966128581A4DA63100A54A23 /* Main.storyboard */; };
		9661285C1A4DA63100A54A23 /* Images.xcassets in Resources */ = {isa = PBXBuildFile; fileRef = 9661285B1A4DA63100A54A23 /* Images.xcassets */; };
		9661285F1A4DA63100A54A23 /* LaunchScreen.xib in Resources */ = {isa = PBXBuildFile; fileRef = 9661285D1A4DA63100A54A23 /* LaunchScreen.xib */; };
		9661286B1A4DA63100A54A23 /* DesignerNewsAppTests.swift in Sources */ = {isa = PBXBuildFile; fileRef = 9661286A1A4DA63100A54A23 /* DesignerNewsAppTests.swift */; };
		967CFD061A5C10700044B4E3 /* LoginViewController.swift in Sources */ = {isa = PBXBuildFile; fileRef = 967CFD051A5C10700044B4E3 /* LoginViewController.swift */; };
		9694F1C61A5ED3F800A6376A /* SwiftyJSON.swift in Sources */ = {isa = PBXBuildFile; fileRef = 9694F1C51A5ED3F800A6376A /* SwiftyJSON.swift */; };
		9694F2051A5FF13900A6376A /* ArticleTableViewController.swift in Sources */ = {isa = PBXBuildFile; fileRef = 9694F2041A5FF13900A6376A /* ArticleTableViewController.swift */; };
		9694F20B1A6123D000A6376A /* WebViewController.swift in Sources */ = {isa = PBXBuildFile; fileRef = 9694F20A1A6123D000A6376A /* WebViewController.swift */; };
		96A580041A5E290000FDE099 /* Model.swift in Sources */ = {isa = PBXBuildFile; fileRef = 96A580031A5E290000FDE099 /* Model.swift */; };
		96AEB7431A5E5C3F005989F4 /* Alamofire.framework in Embed Frameworks */ = {isa = PBXBuildFile; fileRef = 96A5800B1A5E4DF500FDE099 /* Alamofire.framework */; settings = {ATTRIBUTES = (CodeSignOnCopy, RemoveHeadersOnCopy, ); }; };
		96AF96151A5EAA41003926E2 /* StoriesTableViewController.swift in Sources */ = {isa = PBXBuildFile; fileRef = 96AF96141A5EAA41003926E2 /* StoriesTableViewController.swift */; };
		96AF96171A5EABC9003926E2 /* StoriesTableViewCell.swift in Sources */ = {isa = PBXBuildFile; fileRef = 96AF96161A5EABC9003926E2 /* StoriesTableViewCell.swift */; };
/* End PBXBuildFile section */

/* Begin PBXContainerItemProxy section */
		964892121A62818A00214D53 /* PBXContainerItemProxy */ = {
			isa = PBXContainerItemProxy;
			containerPortal = 96A580051A5E4DF400FDE099 /* Alamofire.xcodeproj */;
			proxyType = 1;
			remoteGlobalIDString = F8111E3219A95C8B0040E7D1;
			remoteInfo = Alamofire;
		};
		966128651A4DA63100A54A23 /* PBXContainerItemProxy */ = {
			isa = PBXContainerItemProxy;
			containerPortal = 966128471A4DA63100A54A23 /* Project object */;
			proxyType = 1;
			remoteGlobalIDString = 9661284E1A4DA63100A54A23;
			remoteInfo = DesignerNewsApp;
		};
		96A5800A1A5E4DF500FDE099 /* PBXContainerItemProxy */ = {
			isa = PBXContainerItemProxy;
			containerPortal = 96A580051A5E4DF400FDE099 /* Alamofire.xcodeproj */;
			proxyType = 2;
			remoteGlobalIDString = F8111E3319A95C8B0040E7D1;
			remoteInfo = Alamofire;
		};
		96A5800C1A5E4DF500FDE099 /* PBXContainerItemProxy */ = {
			isa = PBXContainerItemProxy;
			containerPortal = 96A580051A5E4DF400FDE099 /* Alamofire.xcodeproj */;
			proxyType = 2;
			remoteGlobalIDString = F8111E3E19A95C8B0040E7D1;
			remoteInfo = AlamofireTests;
		};
/* End PBXContainerItemProxy section */

/* Begin PBXCopyFilesBuildPhase section */
		96AEB7461A5E5C3F005989F4 /* Embed Frameworks */ = {
			isa = PBXCopyFilesBuildPhase;
			buildActionMask = 2147483647;
			dstPath = "";
			dstSubfolderSpec = 10;
			files = (
				96AEB7431A5E5C3F005989F4 /* Alamofire.framework in Embed Frameworks */,
			);
			name = "Embed Frameworks";
			runOnlyForDeploymentPostprocessing = 0;
		};
/* End PBXCopyFilesBuildPhase section */

/* Begin PBXFileReference section */
		961888FA1A66C4E000295A64 /* BlurView.swift */ = {isa = PBXFileReference; fileEncoding = 4; lastKnownFileType = sourcecode.swift; path = BlurView.swift; sourceTree = "<group>"; };
		961888FB1A66C4E000295A64 /* Data.swift */ = {isa = PBXFileReference; fileEncoding = 4; lastKnownFileType = sourcecode.swift; path = Data.swift; sourceTree = "<group>"; };
		961888FC1A66C4E000295A64 /* DesignableButton.swift */ = {isa = PBXFileReference; fileEncoding = 4; lastKnownFileType = sourcecode.swift; path = DesignableButton.swift; sourceTree = "<group>"; };
		961888FD1A66C4E000295A64 /* DesignableImageView.swift */ = {isa = PBXFileReference; fileEncoding = 4; lastKnownFileType = sourcecode.swift; path = DesignableImageView.swift; sourceTree = "<group>"; };
		961888FE1A66C4E000295A64 /* DesignableLabel.swift */ = {isa = PBXFileReference; fileEncoding = 4; lastKnownFileType = sourcecode.swift; path = DesignableLabel.swift; sourceTree = "<group>"; };
		961888FF1A66C4E000295A64 /* DesignableTextField.swift */ = {isa = PBXFileReference; fileEncoding = 4; lastKnownFileType = sourcecode.swift; path = DesignableTextField.swift; sourceTree = "<group>"; };
		961889001A66C4E000295A64 /* DesignableTextView.swift */ = {isa = PBXFileReference; fileEncoding = 4; lastKnownFileType = sourcecode.swift; path = DesignableTextView.swift; sourceTree = "<group>"; };
		961889011A66C4E000295A64 /* DesignableView.swift */ = {isa = PBXFileReference; fileEncoding = 4; lastKnownFileType = sourcecode.swift; path = DesignableView.swift; sourceTree = "<group>"; };
		961889021A66C4E000295A64 /* ImageLoader.swift */ = {isa = PBXFileReference; fileEncoding = 4; lastKnownFileType = sourcecode.swift; path = ImageLoader.swift; sourceTree = "<group>"; };
		961889031A66C4E000295A64 /* KeyboardAvoidingScrollView.swift */ = {isa = PBXFileReference; fileEncoding = 4; lastKnownFileType = sourcecode.swift; path = KeyboardAvoidingScrollView.swift; sourceTree = "<group>"; };
		961889041A66C4E000295A64 /* loadingView.swift */ = {isa = PBXFileReference; fileEncoding = 4; lastKnownFileType = sourcecode.swift; path = loadingView.swift; sourceTree = "<group>"; };
		961889051A66C4E000295A64 /* loadingView.xib */ = {isa = PBXFileReference; fileEncoding = 4; lastKnownFileType = file.xib; path = loadingView.xib; sourceTree = "<group>"; };
		961889061A66C4E000295A64 /* Misc.swift */ = {isa = PBXFileReference; fileEncoding = 4; lastKnownFileType = sourcecode.swift; path = Misc.swift; sourceTree = "<group>"; };
		961889071A66C4E000295A64 /* SpringAnimation.swift */ = {isa = PBXFileReference; fileEncoding = 4; lastKnownFileType = sourcecode.swift; path = SpringAnimation.swift; sourceTree = "<group>"; };
		961889081A66C4E000295A64 /* SpringButton.swift */ = {isa = PBXFileReference; fileEncoding = 4; lastKnownFileType = sourcecode.swift; path = SpringButton.swift; sourceTree = "<group>"; };
		961889091A66C4E000295A64 /* SpringView.swift */ = {isa = PBXFileReference; fileEncoding = 4; lastKnownFileType = sourcecode.swift; path = SpringView.swift; sourceTree = "<group>"; };
		9618890A1A66C4E000295A64 /* TransitionManager.swift */ = {isa = PBXFileReference; fileEncoding = 4; lastKnownFileType = sourcecode.swift; path = TransitionManager.swift; sourceTree = "<group>"; };
		9618890B1A66C4E000295A64 /* TransitionZoom.swift */ = {isa = PBXFileReference; fileEncoding = 4; lastKnownFileType = sourcecode.swift; path = TransitionZoom.swift; sourceTree = "<group>"; };
		9618890C1A66C4E000295A64 /* UnwindSegue.swift */ = {isa = PBXFileReference; fileEncoding = 4; lastKnownFileType = sourcecode.swift; path = UnwindSegue.swift; sourceTree = "<group>"; };
		964892141A62A84600214D53 /* CommentViewController.swift */ = {isa = PBXFileReference; fileEncoding = 4; lastKnownFileType = sourcecode.swift; path = CommentViewController.swift; sourceTree = "<group>"; };
		964892611A63AB2600214D53 /* DesignerNewsApp.xcdatamodel */ = {isa = PBXFileReference; lastKnownFileType = wrapper.xcdatamodel; path = DesignerNewsApp.xcdatamodel; sourceTree = "<group>"; };
		964892641A63C6E600214D53 /* CoreData.swift */ = {isa = PBXFileReference; fileEncoding = 4; lastKnownFileType = sourcecode.swift; path = CoreData.swift; sourceTree = "<group>"; };
		964892661A63F5D900214D53 /* MenuViewController.swift */ = {isa = PBXFileReference; fileEncoding = 4; lastKnownFileType = sourcecode.swift; path = MenuViewController.swift; sourceTree = "<group>"; };
		9661284F1A4DA63100A54A23 /* DesignerNewsApp.app */ = {isa = PBXFileReference; explicitFileType = wrapper.application; includeInIndex = 0; path = DesignerNewsApp.app; sourceTree = BUILT_PRODUCTS_DIR; };
		966128531A4DA63100A54A23 /* Info.plist */ = {isa = PBXFileReference; lastKnownFileType = text.plist.xml; path = Info.plist; sourceTree = "<group>"; };
		966128541A4DA63100A54A23 /* AppDelegate.swift */ = {isa = PBXFileReference; lastKnownFileType = sourcecode.swift; path = AppDelegate.swift; sourceTree = "<group>"; };
		966128591A4DA63100A54A23 /* Base */ = {isa = PBXFileReference; lastKnownFileType = file.storyboard; name = Base; path = Base.lproj/Main.storyboard; sourceTree = "<group>"; };
		9661285B1A4DA63100A54A23 /* Images.xcassets */ = {isa = PBXFileReference; lastKnownFileType = folder.assetcatalog; path = Images.xcassets; sourceTree = "<group>"; };
		9661285E1A4DA63100A54A23 /* Base */ = {isa = PBXFileReference; lastKnownFileType = file.xib; name = Base; path = Base.lproj/LaunchScreen.xib; sourceTree = "<group>"; };
		966128641A4DA63100A54A23 /* DesignerNewsAppTests.xctest */ = {isa = PBXFileReference; explicitFileType = wrapper.cfbundle; includeInIndex = 0; path = DesignerNewsAppTests.xctest; sourceTree = BUILT_PRODUCTS_DIR; };
		966128691A4DA63100A54A23 /* Info.plist */ = {isa = PBXFileReference; lastKnownFileType = text.plist.xml; path = Info.plist; sourceTree = "<group>"; };
		9661286A1A4DA63100A54A23 /* DesignerNewsAppTests.swift */ = {isa = PBXFileReference; lastKnownFileType = sourcecode.swift; path = DesignerNewsAppTests.swift; sourceTree = "<group>"; };
		967CFD051A5C10700044B4E3 /* LoginViewController.swift */ = {isa = PBXFileReference; fileEncoding = 4; lastKnownFileType = sourcecode.swift; path = LoginViewController.swift; sourceTree = "<group>"; };
		9694F1C51A5ED3F800A6376A /* SwiftyJSON.swift */ = {isa = PBXFileReference; fileEncoding = 4; lastKnownFileType = sourcecode.swift; path = SwiftyJSON.swift; sourceTree = "<group>"; };
		9694F2041A5FF13900A6376A /* ArticleTableViewController.swift */ = {isa = PBXFileReference; fileEncoding = 4; lastKnownFileType = sourcecode.swift; path = ArticleTableViewController.swift; sourceTree = "<group>"; };
		9694F20A1A6123D000A6376A /* WebViewController.swift */ = {isa = PBXFileReference; fileEncoding = 4; lastKnownFileType = sourcecode.swift; path = WebViewController.swift; sourceTree = "<group>"; };
		96A580031A5E290000FDE099 /* Model.swift */ = {isa = PBXFileReference; fileEncoding = 4; lastKnownFileType = sourcecode.swift; path = Model.swift; sourceTree = "<group>"; };
		96A580051A5E4DF400FDE099 /* Alamofire.xcodeproj */ = {isa = PBXFileReference; lastKnownFileType = "wrapper.pb-project"; name = Alamofire.xcodeproj; path = Alamofire/Alamofire.xcodeproj; sourceTree = "<group>"; };
		96AF96141A5EAA41003926E2 /* StoriesTableViewController.swift */ = {isa = PBXFileReference; fileEncoding = 4; lastKnownFileType = sourcecode.swift; path = StoriesTableViewController.swift; sourceTree = "<group>"; };
		96AF96161A5EABC9003926E2 /* StoriesTableViewCell.swift */ = {isa = PBXFileReference; fileEncoding = 4; lastKnownFileType = sourcecode.swift; path = StoriesTableViewCell.swift; sourceTree = "<group>"; };
/* End PBXFileReference section */

/* Begin PBXFrameworksBuildPhase section */
		9661284C1A4DA63100A54A23 /* Frameworks */ = {
			isa = PBXFrameworksBuildPhase;
			buildActionMask = 2147483647;
			files = (
			);
			runOnlyForDeploymentPostprocessing = 0;
		};
		966128611A4DA63100A54A23 /* Frameworks */ = {
			isa = PBXFrameworksBuildPhase;
			buildActionMask = 2147483647;
			files = (
			);
			runOnlyForDeploymentPostprocessing = 0;
		};
/* End PBXFrameworksBuildPhase section */

/* Begin PBXGroup section */
		961888F91A66C4E000295A64 /* Spring */ = {
			isa = PBXGroup;
			children = (
				961888FA1A66C4E000295A64 /* BlurView.swift */,
				961888FB1A66C4E000295A64 /* Data.swift */,
				961888FC1A66C4E000295A64 /* DesignableButton.swift */,
				961888FD1A66C4E000295A64 /* DesignableImageView.swift */,
				961888FE1A66C4E000295A64 /* DesignableLabel.swift */,
				961888FF1A66C4E000295A64 /* DesignableTextField.swift */,
				961889001A66C4E000295A64 /* DesignableTextView.swift */,
				961889011A66C4E000295A64 /* DesignableView.swift */,
				961889021A66C4E000295A64 /* ImageLoader.swift */,
				961889031A66C4E000295A64 /* KeyboardAvoidingScrollView.swift */,
				961889041A66C4E000295A64 /* loadingView.swift */,
				961889051A66C4E000295A64 /* loadingView.xib */,
				961889061A66C4E000295A64 /* Misc.swift */,
				961889071A66C4E000295A64 /* SpringAnimation.swift */,
				961889081A66C4E000295A64 /* SpringButton.swift */,
				961889091A66C4E000295A64 /* SpringView.swift */,
				9618890A1A66C4E000295A64 /* TransitionManager.swift */,
				9618890B1A66C4E000295A64 /* TransitionZoom.swift */,
				9618890C1A66C4E000295A64 /* UnwindSegue.swift */,
			);
			name = Spring;
			path = ../../Spring/Spring;
			sourceTree = "<group>";
		};
		966128461A4DA63100A54A23 = {
			isa = PBXGroup;
			children = (
				966128511A4DA63100A54A23 /* DesignerNewsApp */,
				96A580051A5E4DF400FDE099 /* Alamofire.xcodeproj */,
				966128671A4DA63100A54A23 /* DesignerNewsAppTests */,
				966128501A4DA63100A54A23 /* Products */,
			);
			sourceTree = "<group>";
		};
		966128501A4DA63100A54A23 /* Products */ = {
			isa = PBXGroup;
			children = (
				9661284F1A4DA63100A54A23 /* DesignerNewsApp.app */,
				966128641A4DA63100A54A23 /* DesignerNewsAppTests.xctest */,
			);
			name = Products;
			sourceTree = "<group>";
		};
		966128511A4DA63100A54A23 /* DesignerNewsApp */ = {
			isa = PBXGroup;
			children = (
				961888F91A66C4E000295A64 /* Spring */,
				9694F1C51A5ED3F800A6376A /* SwiftyJSON.swift */,
				966128541A4DA63100A54A23 /* AppDelegate.swift */,
				96A580031A5E290000FDE099 /* Model.swift */,
				964892641A63C6E600214D53 /* CoreData.swift */,
				967CFD051A5C10700044B4E3 /* LoginViewController.swift */,
				96AF96141A5EAA41003926E2 /* StoriesTableViewController.swift */,
				96AF96161A5EABC9003926E2 /* StoriesTableViewCell.swift */,
				9694F2041A5FF13900A6376A /* ArticleTableViewController.swift */,
				964892141A62A84600214D53 /* CommentViewController.swift */,
				9694F20A1A6123D000A6376A /* WebViewController.swift */,
				964892661A63F5D900214D53 /* MenuViewController.swift */,
				964892601A63AB2600214D53 /* DesignerNewsApp.xcdatamodeld */,
				966128581A4DA63100A54A23 /* Main.storyboard */,
				9661285B1A4DA63100A54A23 /* Images.xcassets */,
				9661285D1A4DA63100A54A23 /* LaunchScreen.xib */,
				966128521A4DA63100A54A23 /* Supporting Files */,
			);
			path = DesignerNewsApp;
			sourceTree = "<group>";
		};
		966128521A4DA63100A54A23 /* Supporting Files */ = {
			isa = PBXGroup;
			children = (
				966128531A4DA63100A54A23 /* Info.plist */,
			);
			name = "Supporting Files";
			sourceTree = "<group>";
		};
		966128671A4DA63100A54A23 /* DesignerNewsAppTests */ = {
			isa = PBXGroup;
			children = (
				9661286A1A4DA63100A54A23 /* DesignerNewsAppTests.swift */,
				966128681A4DA63100A54A23 /* Supporting Files */,
			);
			path = DesignerNewsAppTests;
			sourceTree = "<group>";
		};
		966128681A4DA63100A54A23 /* Supporting Files */ = {
			isa = PBXGroup;
			children = (
				966128691A4DA63100A54A23 /* Info.plist */,
			);
			name = "Supporting Files";
			sourceTree = "<group>";
		};
		96A580061A5E4DF400FDE099 /* Products */ = {
			isa = PBXGroup;
			children = (
				96A5800B1A5E4DF500FDE099 /* Alamofire.framework */,
				96A5800D1A5E4DF500FDE099 /* AlamofireTests.xctest */,
			);
			name = Products;
			sourceTree = "<group>";
		};
/* End PBXGroup section */

/* Begin PBXNativeTarget section */
		9661284E1A4DA63100A54A23 /* DesignerNewsApp */ = {
			isa = PBXNativeTarget;
			buildConfigurationList = 9661286E1A4DA63100A54A23 /* Build configuration list for PBXNativeTarget "DesignerNewsApp" */;
			buildPhases = (
				9661284B1A4DA63100A54A23 /* Sources */,
				9661284C1A4DA63100A54A23 /* Frameworks */,
				9661284D1A4DA63100A54A23 /* Resources */,
				96AEB7461A5E5C3F005989F4 /* Embed Frameworks */,
			);
			buildRules = (
			);
			dependencies = (
				964892131A62818A00214D53 /* PBXTargetDependency */,
			);
			name = DesignerNewsApp;
			productName = DesignerNewsApp;
			productReference = 9661284F1A4DA63100A54A23 /* DesignerNewsApp.app */;
			productType = "com.apple.product-type.application";
		};
		966128631A4DA63100A54A23 /* DesignerNewsAppTests */ = {
			isa = PBXNativeTarget;
			buildConfigurationList = 966128711A4DA63100A54A23 /* Build configuration list for PBXNativeTarget "DesignerNewsAppTests" */;
			buildPhases = (
				966128601A4DA63100A54A23 /* Sources */,
				966128611A4DA63100A54A23 /* Frameworks */,
				966128621A4DA63100A54A23 /* Resources */,
			);
			buildRules = (
			);
			dependencies = (
				966128661A4DA63100A54A23 /* PBXTargetDependency */,
			);
			name = DesignerNewsAppTests;
			productName = DesignerNewsAppTests;
			productReference = 966128641A4DA63100A54A23 /* DesignerNewsAppTests.xctest */;
			productType = "com.apple.product-type.bundle.unit-test";
		};
/* End PBXNativeTarget section */

/* Begin PBXProject section */
		966128471A4DA63100A54A23 /* Project object */ = {
			isa = PBXProject;
			attributes = {
				LastUpgradeCheck = 0620;
				ORGANIZATIONNAME = "Meng To";
				TargetAttributes = {
					9661284E1A4DA63100A54A23 = {
						CreatedOnToolsVersion = 6.2;
						DevelopmentTeam = 68WS2M23VC;
					};
					966128631A4DA63100A54A23 = {
						CreatedOnToolsVersion = 6.2;
						TestTargetID = 9661284E1A4DA63100A54A23;
					};
				};
			};
			buildConfigurationList = 9661284A1A4DA63100A54A23 /* Build configuration list for PBXProject "DesignerNewsApp" */;
			compatibilityVersion = "Xcode 3.2";
			developmentRegion = English;
			hasScannedForEncodings = 0;
			knownRegions = (
				en,
				Base,
			);
			mainGroup = 966128461A4DA63100A54A23;
			productRefGroup = 966128501A4DA63100A54A23 /* Products */;
			projectDirPath = "";
			projectReferences = (
				{
					ProductGroup = 96A580061A5E4DF400FDE099 /* Products */;
					ProjectRef = 96A580051A5E4DF400FDE099 /* Alamofire.xcodeproj */;
				},
			);
			projectRoot = "";
			targets = (
				9661284E1A4DA63100A54A23 /* DesignerNewsApp */,
				966128631A4DA63100A54A23 /* DesignerNewsAppTests */,
			);
		};
/* End PBXProject section */

/* Begin PBXReferenceProxy section */
		96A5800B1A5E4DF500FDE099 /* Alamofire.framework */ = {
			isa = PBXReferenceProxy;
			fileType = wrapper.framework;
			path = Alamofire.framework;
			remoteRef = 96A5800A1A5E4DF500FDE099 /* PBXContainerItemProxy */;
			sourceTree = BUILT_PRODUCTS_DIR;
		};
		96A5800D1A5E4DF500FDE099 /* AlamofireTests.xctest */ = {
			isa = PBXReferenceProxy;
			fileType = wrapper.cfbundle;
			path = AlamofireTests.xctest;
			remoteRef = 96A5800C1A5E4DF500FDE099 /* PBXContainerItemProxy */;
			sourceTree = BUILT_PRODUCTS_DIR;
		};
/* End PBXReferenceProxy section */

/* Begin PBXResourcesBuildPhase section */
		9661284D1A4DA63100A54A23 /* Resources */ = {
			isa = PBXResourcesBuildPhase;
			buildActionMask = 2147483647;
			files = (
				9661285A1A4DA63100A54A23 /* Main.storyboard in Resources */,
				961889181A66C4E000295A64 /* loadingView.xib in Resources */,
				9661285F1A4DA63100A54A23 /* LaunchScreen.xib in Resources */,
				9661285C1A4DA63100A54A23 /* Images.xcassets in Resources */,
			);
			runOnlyForDeploymentPostprocessing = 0;
		};
		966128621A4DA63100A54A23 /* Resources */ = {
			isa = PBXResourcesBuildPhase;
			buildActionMask = 2147483647;
			files = (
			);
			runOnlyForDeploymentPostprocessing = 0;
		};
/* End PBXResourcesBuildPhase section */

/* Begin PBXSourcesBuildPhase section */
		9661284B1A4DA63100A54A23 /* Sources */ = {
			isa = PBXSourcesBuildPhase;
			buildActionMask = 2147483647;
			files = (
				961889101A66C4E000295A64 /* DesignableImageView.swift in Sources */,
				961889121A66C4E000295A64 /* DesignableTextField.swift in Sources */,
				961889131A66C4E000295A64 /* DesignableTextView.swift in Sources */,
				964892671A63F5D900214D53 /* MenuViewController.swift in Sources */,
				964892651A63C6E600214D53 /* CoreData.swift in Sources */,
				966128551A4DA63100A54A23 /* AppDelegate.swift in Sources */,
				9618891F1A66C4E000295A64 /* UnwindSegue.swift in Sources */,
				961889161A66C4E000295A64 /* KeyboardAvoidingScrollView.swift in Sources */,
				964892151A62A84600214D53 /* CommentViewController.swift in Sources */,
				96AF96151A5EAA41003926E2 /* StoriesTableViewController.swift in Sources */,
				961889191A66C4E000295A64 /* Misc.swift in Sources */,
				961889171A66C4E000295A64 /* loadingView.swift in Sources */,
				961889141A66C4E000295A64 /* DesignableView.swift in Sources */,
				9694F20B1A6123D000A6376A /* WebViewController.swift in Sources */,
				9694F1C61A5ED3F800A6376A /* SwiftyJSON.swift in Sources */,
				9618890E1A66C4E000295A64 /* Data.swift in Sources */,
				9618891E1A66C4E000295A64 /* TransitionZoom.swift in Sources */,
				9618890F1A66C4E000295A64 /* DesignableButton.swift in Sources */,
				9618891D1A66C4E000295A64 /* TransitionManager.swift in Sources */,
				96A580041A5E290000FDE099 /* Model.swift in Sources */,
				9618891A1A66C4E000295A64 /* SpringAnimation.swift in Sources */,
				961889151A66C4E000295A64 /* ImageLoader.swift in Sources */,
				96AF96171A5EABC9003926E2 /* StoriesTableViewCell.swift in Sources */,
				9618891C1A66C4E000295A64 /* SpringView.swift in Sources */,
				9618890D1A66C4E000295A64 /* BlurView.swift in Sources */,
				961889111A66C4E000295A64 /* DesignableLabel.swift in Sources */,
				967CFD061A5C10700044B4E3 /* LoginViewController.swift in Sources */,
				964892621A63AB2600214D53 /* DesignerNewsApp.xcdatamodeld in Sources */,
				9618891B1A66C4E000295A64 /* SpringButton.swift in Sources */,
				9694F2051A5FF13900A6376A /* ArticleTableViewController.swift in Sources */,
			);
			runOnlyForDeploymentPostprocessing = 0;
		};
		966128601A4DA63100A54A23 /* Sources */ = {
			isa = PBXSourcesBuildPhase;
			buildActionMask = 2147483647;
			files = (
				9661286B1A4DA63100A54A23 /* DesignerNewsAppTests.swift in Sources */,
			);
			runOnlyForDeploymentPostprocessing = 0;
		};
/* End PBXSourcesBuildPhase section */

/* Begin PBXTargetDependency section */
		964892131A62818A00214D53 /* PBXTargetDependency */ = {
			isa = PBXTargetDependency;
			name = Alamofire;
			targetProxy = 964892121A62818A00214D53 /* PBXContainerItemProxy */;
		};
		966128661A4DA63100A54A23 /* PBXTargetDependency */ = {
			isa = PBXTargetDependency;
			target = 9661284E1A4DA63100A54A23 /* DesignerNewsApp */;
			targetProxy = 966128651A4DA63100A54A23 /* PBXContainerItemProxy */;
		};
/* End PBXTargetDependency section */

/* Begin PBXVariantGroup section */
		966128581A4DA63100A54A23 /* Main.storyboard */ = {
			isa = PBXVariantGroup;
			children = (
				966128591A4DA63100A54A23 /* Base */,
			);
			name = Main.storyboard;
			sourceTree = "<group>";
		};
		9661285D1A4DA63100A54A23 /* LaunchScreen.xib */ = {
			isa = PBXVariantGroup;
			children = (
				9661285E1A4DA63100A54A23 /* Base */,
			);
			name = LaunchScreen.xib;
			sourceTree = "<group>";
		};
/* End PBXVariantGroup section */

/* Begin XCBuildConfiguration section */
		9661286C1A4DA63100A54A23 /* Debug */ = {
			isa = XCBuildConfiguration;
			buildSettings = {
				ALWAYS_SEARCH_USER_PATHS = NO;
				CLANG_CXX_LANGUAGE_STANDARD = "gnu++0x";
				CLANG_CXX_LIBRARY = "libc++";
				CLANG_ENABLE_MODULES = YES;
				CLANG_ENABLE_OBJC_ARC = YES;
				CLANG_WARN_BOOL_CONVERSION = YES;
				CLANG_WARN_CONSTANT_CONVERSION = YES;
				CLANG_WARN_DIRECT_OBJC_ISA_USAGE = YES_ERROR;
				CLANG_WARN_EMPTY_BODY = YES;
				CLANG_WARN_ENUM_CONVERSION = YES;
				CLANG_WARN_INT_CONVERSION = YES;
				CLANG_WARN_OBJC_ROOT_CLASS = YES_ERROR;
				CLANG_WARN_UNREACHABLE_CODE = YES;
				CLANG_WARN__DUPLICATE_METHOD_MATCH = YES;
				"CODE_SIGN_IDENTITY[sdk=iphoneos*]" = "iPhone Developer";
				COPY_PHASE_STRIP = NO;
				ENABLE_STRICT_OBJC_MSGSEND = YES;
				GCC_C_LANGUAGE_STANDARD = gnu99;
				GCC_DYNAMIC_NO_PIC = NO;
				GCC_OPTIMIZATION_LEVEL = 0;
				GCC_PREPROCESSOR_DEFINITIONS = (
					"DEBUG=1",
					"$(inherited)",
				);
				GCC_SYMBOLS_PRIVATE_EXTERN = NO;
				GCC_WARN_64_TO_32_BIT_CONVERSION = YES;
				GCC_WARN_ABOUT_RETURN_TYPE = YES_ERROR;
				GCC_WARN_UNDECLARED_SELECTOR = YES;
				GCC_WARN_UNINITIALIZED_AUTOS = YES_AGGRESSIVE;
				GCC_WARN_UNUSED_FUNCTION = YES;
				GCC_WARN_UNUSED_VARIABLE = YES;
				IPHONEOS_DEPLOYMENT_TARGET = 8.2;
				MTL_ENABLE_DEBUG_INFO = YES;
				ONLY_ACTIVE_ARCH = YES;
				SDKROOT = iphoneos;
				SWIFT_OPTIMIZATION_LEVEL = "-Onone";
			};
			name = Debug;
		};
		9661286D1A4DA63100A54A23 /* Release */ = {
			isa = XCBuildConfiguration;
			buildSettings = {
				ALWAYS_SEARCH_USER_PATHS = NO;
				CLANG_CXX_LANGUAGE_STANDARD = "gnu++0x";
				CLANG_CXX_LIBRARY = "libc++";
				CLANG_ENABLE_MODULES = YES;
				CLANG_ENABLE_OBJC_ARC = YES;
				CLANG_WARN_BOOL_CONVERSION = YES;
				CLANG_WARN_CONSTANT_CONVERSION = YES;
				CLANG_WARN_DIRECT_OBJC_ISA_USAGE = YES_ERROR;
				CLANG_WARN_EMPTY_BODY = YES;
				CLANG_WARN_ENUM_CONVERSION = YES;
				CLANG_WARN_INT_CONVERSION = YES;
				CLANG_WARN_OBJC_ROOT_CLASS = YES_ERROR;
				CLANG_WARN_UNREACHABLE_CODE = YES;
				CLANG_WARN__DUPLICATE_METHOD_MATCH = YES;
				"CODE_SIGN_IDENTITY[sdk=iphoneos*]" = "iPhone Developer";
				COPY_PHASE_STRIP = YES;
				ENABLE_NS_ASSERTIONS = NO;
				ENABLE_STRICT_OBJC_MSGSEND = YES;
				GCC_C_LANGUAGE_STANDARD = gnu99;
				GCC_WARN_64_TO_32_BIT_CONVERSION = YES;
				GCC_WARN_ABOUT_RETURN_TYPE = YES_ERROR;
				GCC_WARN_UNDECLARED_SELECTOR = YES;
				GCC_WARN_UNINITIALIZED_AUTOS = YES_AGGRESSIVE;
				GCC_WARN_UNUSED_FUNCTION = YES;
				GCC_WARN_UNUSED_VARIABLE = YES;
				IPHONEOS_DEPLOYMENT_TARGET = 8.2;
				MTL_ENABLE_DEBUG_INFO = NO;
				SDKROOT = iphoneos;
				VALIDATE_PRODUCT = YES;
			};
			name = Release;
		};
		9661286F1A4DA63100A54A23 /* Debug */ = {
			isa = XCBuildConfiguration;
			buildSettings = {
				ASSETCATALOG_COMPILER_APPICON_NAME = AppIcon;
				CODE_SIGN_IDENTITY = "iPhone Developer";
				"CODE_SIGN_IDENTITY[sdk=iphoneos*]" = "iPhone Developer";
				EMBEDDED_CONTENT_CONTAINS_SWIFT = YES;
				INFOPLIST_FILE = DesignerNewsApp/Info.plist;
				IPHONEOS_DEPLOYMENT_TARGET = 8.0;
				LD_RUNPATH_SEARCH_PATHS = "$(inherited) @executable_path/Frameworks";
				PRODUCT_NAME = "$(TARGET_NAME)";
				PROVISIONING_PROFILE = "";
				TARGETED_DEVICE_FAMILY = 1;
			};
			name = Debug;
		};
		966128701A4DA63100A54A23 /* Release */ = {
			isa = XCBuildConfiguration;
			buildSettings = {
				ASSETCATALOG_COMPILER_APPICON_NAME = AppIcon;
				CODE_SIGN_IDENTITY = "iPhone Developer";
				"CODE_SIGN_IDENTITY[sdk=iphoneos*]" = "iPhone Developer";
				EMBEDDED_CONTENT_CONTAINS_SWIFT = YES;
				INFOPLIST_FILE = DesignerNewsApp/Info.plist;
				IPHONEOS_DEPLOYMENT_TARGET = 8.0;
				LD_RUNPATH_SEARCH_PATHS = "$(inherited) @executable_path/Frameworks";
				PRODUCT_NAME = "$(TARGET_NAME)";
				PROVISIONING_PROFILE = "";
				TARGETED_DEVICE_FAMILY = 1;
			};
			name = Release;
		};
		966128721A4DA63100A54A23 /* Debug */ = {
			isa = XCBuildConfiguration;
			buildSettings = {
				BUNDLE_LOADER = "$(TEST_HOST)";
				FRAMEWORK_SEARCH_PATHS = (
					"$(SDKROOT)/Developer/Library/Frameworks",
					"$(inherited)",
				);
				GCC_PREPROCESSOR_DEFINITIONS = (
					"DEBUG=1",
					"$(inherited)",
				);
				INFOPLIST_FILE = DesignerNewsAppTests/Info.plist;
				IPHONEOS_DEPLOYMENT_TARGET = 8.0;
				LD_RUNPATH_SEARCH_PATHS = "$(inherited) @executable_path/Frameworks @loader_path/Frameworks";
				PRODUCT_NAME = "$(TARGET_NAME)";
				TEST_HOST = "$(BUILT_PRODUCTS_DIR)/DesignerNewsApp.app/DesignerNewsApp";
			};
			name = Debug;
		};
		966128731A4DA63100A54A23 /* Release */ = {
			isa = XCBuildConfiguration;
			buildSettings = {
				BUNDLE_LOADER = "$(TEST_HOST)";
				FRAMEWORK_SEARCH_PATHS = (
					"$(SDKROOT)/Developer/Library/Frameworks",
					"$(inherited)",
				);
				INFOPLIST_FILE = DesignerNewsAppTests/Info.plist;
				IPHONEOS_DEPLOYMENT_TARGET = 8.0;
				LD_RUNPATH_SEARCH_PATHS = "$(inherited) @executable_path/Frameworks @loader_path/Frameworks";
				PRODUCT_NAME = "$(TARGET_NAME)";
				TEST_HOST = "$(BUILT_PRODUCTS_DIR)/DesignerNewsApp.app/DesignerNewsApp";
			};
			name = Release;
		};
/* End XCBuildConfiguration section */

/* Begin XCConfigurationList section */
		9661284A1A4DA63100A54A23 /* Build configuration list for PBXProject "DesignerNewsApp" */ = {
			isa = XCConfigurationList;
			buildConfigurations = (
				9661286C1A4DA63100A54A23 /* Debug */,
				9661286D1A4DA63100A54A23 /* Release */,
			);
			defaultConfigurationIsVisible = 0;
			defaultConfigurationName = Release;
		};
		9661286E1A4DA63100A54A23 /* Build configuration list for PBXNativeTarget "DesignerNewsApp" */ = {
			isa = XCConfigurationList;
			buildConfigurations = (
				9661286F1A4DA63100A54A23 /* Debug */,
				966128701A4DA63100A54A23 /* Release */,
			);
			defaultConfigurationIsVisible = 0;
			defaultConfigurationName = Release;
		};
		966128711A4DA63100A54A23 /* Build configuration list for PBXNativeTarget "DesignerNewsAppTests" */ = {
			isa = XCConfigurationList;
			buildConfigurations = (
				966128721A4DA63100A54A23 /* Debug */,
				966128731A4DA63100A54A23 /* Release */,
			);
			defaultConfigurationIsVisible = 0;
			defaultConfigurationName = Release;
		};
/* End XCConfigurationList section */

/* Begin XCVersionGroup section */
		964892601A63AB2600214D53 /* DesignerNewsApp.xcdatamodeld */ = {
			isa = XCVersionGroup;
			children = (
				964892611A63AB2600214D53 /* DesignerNewsApp.xcdatamodel */,
			);
			currentVersion = 964892611A63AB2600214D53 /* DesignerNewsApp.xcdatamodel */;
			path = DesignerNewsApp.xcdatamodeld;
			sourceTree = "<group>";
			versionGroupType = wrapper.xcdatamodel;
		};
/* End XCVersionGroup section */
	};
	rootObject = 966128471A4DA63100A54A23 /* Project object */;
}
